// !$*UTF8*$!
{
	archiveVersion = 1;
	classes = {
	};
	objectVersion = 56;
	objects = {

/* Begin PBXBuildFile section */
		0632A5412B65975B0002EA17 /* FractalianGraphNavigatorApp.swift in Sources */ = {isa = PBXBuildFile; fileRef = 0632A5402B65975B0002EA17 /* FractalianGraphNavigatorApp.swift */; };
		0632A5432B65975B0002EA17 /* ContentView.swift in Sources */ = {isa = PBXBuildFile; fileRef = 0632A5422B65975B0002EA17 /* ContentView.swift */; };
		0632A5452B65975C0002EA17 /* Assets.xcassets in Resources */ = {isa = PBXBuildFile; fileRef = 0632A5442B65975C0002EA17 /* Assets.xcassets */; };
		0632A5482B65975C0002EA17 /* Preview Assets.xcassets in Resources */ = {isa = PBXBuildFile; fileRef = 0632A5472B65975C0002EA17 /* Preview Assets.xcassets */; };
		0632A5522B65975C0002EA17 /* FractalianGraphNavigatorTests.swift in Sources */ = {isa = PBXBuildFile; fileRef = 0632A5512B65975C0002EA17 /* FractalianGraphNavigatorTests.swift */; };
		0632A56F2B6598950002EA17 /* Graph.swift in Sources */ = {isa = PBXBuildFile; fileRef = 0632A56E2B6598950002EA17 /* Graph.swift */; };
		0632A5712B6598B10002EA17 /* GraphNode.swift in Sources */ = {isa = PBXBuildFile; fileRef = 0632A5702B6598B10002EA17 /* GraphNode.swift */; };
		0632A5752B659DDE0002EA17 /* GraphFileReader.swift in Sources */ = {isa = PBXBuildFile; fileRef = 0632A5742B659DDE0002EA17 /* GraphFileReader.swift */; };
		0632A57B2B6672FE0002EA17 /* GraphFileReaderTests.swift in Sources */ = {isa = PBXBuildFile; fileRef = 0632A57A2B6672FE0002EA17 /* GraphFileReaderTests.swift */; };
		0632A6E62B6676450002EA17 /* GraphWithCycles.xml in Resources */ = {isa = PBXBuildFile; fileRef = 0632A6E52B6676450002EA17 /* GraphWithCycles.xml */; };
		066D07732B667C8A009E60C5 /* GraphWithoutCycles.xml in Resources */ = {isa = PBXBuildFile; fileRef = 066D07722B667C8A009E60C5 /* GraphWithoutCycles.xml */; };
		066D07762B667D6E009E60C5 /* GraphCorruptedXML.xml in Resources */ = {isa = PBXBuildFile; fileRef = 066D07742B667D6E009E60C5 /* GraphCorruptedXML.xml */; };
		066D07772B667D6E009E60C5 /* GraphCorruptedStructure.xml in Resources */ = {isa = PBXBuildFile; fileRef = 066D07752B667D6E009E60C5 /* GraphCorruptedStructure.xml */; };
/* End PBXBuildFile section */

/* Begin PBXContainerItemProxy section */
		0632A54E2B65975C0002EA17 /* PBXContainerItemProxy */ = {
			isa = PBXContainerItemProxy;
			containerPortal = 0632A5352B65975B0002EA17 /* Project object */;
			proxyType = 1;
			remoteGlobalIDString = 0632A53C2B65975B0002EA17;
			remoteInfo = FractalianGraphNavigator;
		};
/* End PBXContainerItemProxy section */

/* Begin PBXFileReference section */
		0632A53D2B65975B0002EA17 /* FractalianGraphNavigator.app */ = {isa = PBXFileReference; explicitFileType = wrapper.application; includeInIndex = 0; path = FractalianGraphNavigator.app; sourceTree = BUILT_PRODUCTS_DIR; };
		0632A5402B65975B0002EA17 /* FractalianGraphNavigatorApp.swift */ = {isa = PBXFileReference; lastKnownFileType = sourcecode.swift; path = FractalianGraphNavigatorApp.swift; sourceTree = "<group>"; };
		0632A5422B65975B0002EA17 /* ContentView.swift */ = {isa = PBXFileReference; lastKnownFileType = sourcecode.swift; path = ContentView.swift; sourceTree = "<group>"; };
		0632A5442B65975C0002EA17 /* Assets.xcassets */ = {isa = PBXFileReference; lastKnownFileType = folder.assetcatalog; path = Assets.xcassets; sourceTree = "<group>"; };
		0632A5472B65975C0002EA17 /* Preview Assets.xcassets */ = {isa = PBXFileReference; lastKnownFileType = folder.assetcatalog; path = "Preview Assets.xcassets"; sourceTree = "<group>"; };
		0632A54D2B65975C0002EA17 /* FractalianGraphNavigatorTests.xctest */ = {isa = PBXFileReference; explicitFileType = wrapper.cfbundle; includeInIndex = 0; path = FractalianGraphNavigatorTests.xctest; sourceTree = BUILT_PRODUCTS_DIR; };
		0632A5512B65975C0002EA17 /* FractalianGraphNavigatorTests.swift */ = {isa = PBXFileReference; lastKnownFileType = sourcecode.swift; path = FractalianGraphNavigatorTests.swift; sourceTree = "<group>"; };
		0632A56E2B6598950002EA17 /* Graph.swift */ = {isa = PBXFileReference; lastKnownFileType = sourcecode.swift; path = Graph.swift; sourceTree = "<group>"; };
		0632A5702B6598B10002EA17 /* GraphNode.swift */ = {isa = PBXFileReference; lastKnownFileType = sourcecode.swift; path = GraphNode.swift; sourceTree = "<group>"; };
		0632A5742B659DDE0002EA17 /* GraphFileReader.swift */ = {isa = PBXFileReference; lastKnownFileType = sourcecode.swift; path = GraphFileReader.swift; sourceTree = "<group>"; };
		0632A57A2B6672FE0002EA17 /* GraphFileReaderTests.swift */ = {isa = PBXFileReference; lastKnownFileType = sourcecode.swift; path = GraphFileReaderTests.swift; sourceTree = SOURCE_ROOT; };
		0632A6E52B6676450002EA17 /* GraphWithCycles.xml */ = {isa = PBXFileReference; lastKnownFileType = text.xml; path = GraphWithCycles.xml; sourceTree = "<group>"; };
		066D07722B667C8A009E60C5 /* GraphWithoutCycles.xml */ = {isa = PBXFileReference; fileEncoding = 4; lastKnownFileType = text.xml; path = GraphWithoutCycles.xml; sourceTree = "<group>"; };
		066D07742B667D6E009E60C5 /* GraphCorruptedXML.xml */ = {isa = PBXFileReference; fileEncoding = 4; lastKnownFileType = text.xml; path = GraphCorruptedXML.xml; sourceTree = "<group>"; };
		066D07752B667D6E009E60C5 /* GraphCorruptedStructure.xml */ = {isa = PBXFileReference; fileEncoding = 4; lastKnownFileType = text.xml; path = GraphCorruptedStructure.xml; sourceTree = "<group>"; };
/* End PBXFileReference section */

/* Begin PBXFrameworksBuildPhase section */
		0632A53A2B65975B0002EA17 /* Frameworks */ = {
			isa = PBXFrameworksBuildPhase;
			buildActionMask = 2147483647;
			files = (
			);
			runOnlyForDeploymentPostprocessing = 0;
		};
		0632A54A2B65975C0002EA17 /* Frameworks */ = {
			isa = PBXFrameworksBuildPhase;
			buildActionMask = 2147483647;
			files = (
			);
			runOnlyForDeploymentPostprocessing = 0;
		};
/* End PBXFrameworksBuildPhase section */

/* Begin PBXGroup section */
		0632A5342B65975B0002EA17 = {
			isa = PBXGroup;
			children = (
				0632A53F2B65975B0002EA17 /* FractalianGraphNavigator */,
				0632A5502B65975C0002EA17 /* FractalianGraphNavigatorTests */,
				0632A53E2B65975B0002EA17 /* Products */,
			);
			sourceTree = "<group>";
		};
		0632A53E2B65975B0002EA17 /* Products */ = {
			isa = PBXGroup;
			children = (
				0632A53D2B65975B0002EA17 /* FractalianGraphNavigator.app */,
				0632A54D2B65975C0002EA17 /* FractalianGraphNavigatorTests.xctest */,
			);
			name = Products;
			sourceTree = "<group>";
		};
		0632A53F2B65975B0002EA17 /* FractalianGraphNavigator */ = {
			isa = PBXGroup;
			children = (
				0632A5732B659D180002EA17 /* App */,
				0632A56D2B6597CE0002EA17 /* Helpers */,
				0632A56A2B6597B60002EA17 /* Services */,
				0632A56C2B6597C70002EA17 /* Model */,
				0632A56B2B6597BC0002EA17 /* Features */,
				0632A5722B659CDC0002EA17 /* Resources */,
				0632A5422B65975B0002EA17 /* ContentView.swift */,
			);
			path = FractalianGraphNavigator;
			sourceTree = "<group>";
		};
		0632A5462B65975C0002EA17 /* Preview Content */ = {
			isa = PBXGroup;
			children = (
				0632A5472B65975C0002EA17 /* Preview Assets.xcassets */,
			);
			path = "Preview Content";
			sourceTree = "<group>";
		};
		0632A5502B65975C0002EA17 /* FractalianGraphNavigatorTests */ = {
			isa = PBXGroup;
			children = (
				0632A6E42B6673C60002EA17 /* Resources */,
				0632A5792B6672620002EA17 /* Services */,
				0632A5512B65975C0002EA17 /* FractalianGraphNavigatorTests.swift */,
			);
			path = FractalianGraphNavigatorTests;
			sourceTree = "<group>";
		};
		0632A56A2B6597B60002EA17 /* Services */ = {
			isa = PBXGroup;
			children = (
				0632A5742B659DDE0002EA17 /* GraphFileReader.swift */,
			);
			path = Services;
			sourceTree = "<group>";
		};
		0632A56B2B6597BC0002EA17 /* Features */ = {
			isa = PBXGroup;
			children = (
			);
			path = Features;
			sourceTree = "<group>";
		};
		0632A56C2B6597C70002EA17 /* Model */ = {
			isa = PBXGroup;
			children = (
				0632A56E2B6598950002EA17 /* Graph.swift */,
				0632A5702B6598B10002EA17 /* GraphNode.swift */,
			);
			path = Model;
			sourceTree = "<group>";
		};
		0632A56D2B6597CE0002EA17 /* Helpers */ = {
			isa = PBXGroup;
			children = (
			);
			path = Helpers;
			sourceTree = "<group>";
		};
		0632A5722B659CDC0002EA17 /* Resources */ = {
			isa = PBXGroup;
			children = (
				0632A5462B65975C0002EA17 /* Preview Content */,
				0632A5442B65975C0002EA17 /* Assets.xcassets */,
			);
			path = Resources;
			sourceTree = "<group>";
		};
		0632A5732B659D180002EA17 /* App */ = {
			isa = PBXGroup;
			children = (
				0632A5402B65975B0002EA17 /* FractalianGraphNavigatorApp.swift */,
			);
			name = App;
			sourceTree = "<group>";
		};
		0632A5792B6672620002EA17 /* Services */ = {
			isa = PBXGroup;
			children = (
				0632A57A2B6672FE0002EA17 /* GraphFileReaderTests.swift */,
			);
			path = Services;
			sourceTree = "<group>";
		};
		0632A6E42B6673C60002EA17 /* Resources */ = {
			isa = PBXGroup;
			children = (
				066D07742B667D6E009E60C5 /* GraphCorruptedXML.xml */,
				066D07752B667D6E009E60C5 /* GraphCorruptedStructure.xml */,
				066D07722B667C8A009E60C5 /* GraphWithoutCycles.xml */,
				0632A6E52B6676450002EA17 /* GraphWithCycles.xml */,
			);
			path = Resources;
			sourceTree = "<group>";
		};
/* End PBXGroup section */

/* Begin PBXNativeTarget section */
		0632A53C2B65975B0002EA17 /* FractalianGraphNavigator */ = {
			isa = PBXNativeTarget;
			buildConfigurationList = 0632A5612B65975C0002EA17 /* Build configuration list for PBXNativeTarget "FractalianGraphNavigator" */;
			buildPhases = (
				0632A5392B65975B0002EA17 /* Sources */,
				0632A53A2B65975B0002EA17 /* Frameworks */,
				0632A53B2B65975B0002EA17 /* Resources */,
			);
			buildRules = (
			);
			dependencies = (
			);
			name = FractalianGraphNavigator;
			packageProductDependencies = (
			);
			productName = FractalianGraphNavigator;
			productReference = 0632A53D2B65975B0002EA17 /* FractalianGraphNavigator.app */;
			productType = "com.apple.product-type.application";
		};
		0632A54C2B65975C0002EA17 /* FractalianGraphNavigatorTests */ = {
			isa = PBXNativeTarget;
			buildConfigurationList = 0632A5642B65975C0002EA17 /* Build configuration list for PBXNativeTarget "FractalianGraphNavigatorTests" */;
			buildPhases = (
				0632A5492B65975C0002EA17 /* Sources */,
				0632A54A2B65975C0002EA17 /* Frameworks */,
				0632A54B2B65975C0002EA17 /* Resources */,
			);
			buildRules = (
			);
			dependencies = (
				0632A54F2B65975C0002EA17 /* PBXTargetDependency */,
			);
			name = FractalianGraphNavigatorTests;
			productName = FractalianGraphNavigatorTests;
			productReference = 0632A54D2B65975C0002EA17 /* FractalianGraphNavigatorTests.xctest */;
			productType = "com.apple.product-type.bundle.unit-test";
		};
/* End PBXNativeTarget section */

/* Begin PBXProject section */
		0632A5352B65975B0002EA17 /* Project object */ = {
			isa = PBXProject;
			attributes = {
				BuildIndependentTargetsInParallel = 1;
				LastSwiftUpdateCheck = 1500;
				LastUpgradeCheck = 1500;
				TargetAttributes = {
					0632A53C2B65975B0002EA17 = {
						CreatedOnToolsVersion = 15.0.1;
					};
					0632A54C2B65975C0002EA17 = {
						CreatedOnToolsVersion = 15.0.1;
						TestTargetID = 0632A53C2B65975B0002EA17;
					};
				};
			};
			buildConfigurationList = 0632A5382B65975B0002EA17 /* Build configuration list for PBXProject "FractalianGraphNavigator" */;
			compatibilityVersion = "Xcode 14.0";
			developmentRegion = en;
			hasScannedForEncodings = 0;
			knownRegions = (
				en,
				Base,
			);
			mainGroup = 0632A5342B65975B0002EA17;
			packageReferences = (
			);
			productRefGroup = 0632A53E2B65975B0002EA17 /* Products */;
			projectDirPath = "";
			projectRoot = "";
			targets = (
				0632A53C2B65975B0002EA17 /* FractalianGraphNavigator */,
				0632A54C2B65975C0002EA17 /* FractalianGraphNavigatorTests */,
			);
		};
/* End PBXProject section */

/* Begin PBXResourcesBuildPhase section */
		0632A53B2B65975B0002EA17 /* Resources */ = {
			isa = PBXResourcesBuildPhase;
			buildActionMask = 2147483647;
			files = (
				0632A5482B65975C0002EA17 /* Preview Assets.xcassets in Resources */,
				0632A5452B65975C0002EA17 /* Assets.xcassets in Resources */,
			);
			runOnlyForDeploymentPostprocessing = 0;
		};
		0632A54B2B65975C0002EA17 /* Resources */ = {
			isa = PBXResourcesBuildPhase;
			buildActionMask = 2147483647;
			files = (
				066D07762B667D6E009E60C5 /* GraphCorruptedXML.xml in Resources */,
				066D07772B667D6E009E60C5 /* GraphCorruptedStructure.xml in Resources */,
				0632A6E62B6676450002EA17 /* GraphWithCycles.xml in Resources */,
				066D07732B667C8A009E60C5 /* GraphWithoutCycles.xml in Resources */,
			);
			runOnlyForDeploymentPostprocessing = 0;
		};
/* End PBXResourcesBuildPhase section */

/* Begin PBXSourcesBuildPhase section */
		0632A5392B65975B0002EA17 /* Sources */ = {
			isa = PBXSourcesBuildPhase;
			buildActionMask = 2147483647;
			files = (
				0632A5752B659DDE0002EA17 /* GraphFileReader.swift in Sources */,
				0632A56F2B6598950002EA17 /* Graph.swift in Sources */,
				0632A5432B65975B0002EA17 /* ContentView.swift in Sources */,
				0632A5712B6598B10002EA17 /* GraphNode.swift in Sources */,
				0632A5412B65975B0002EA17 /* FractalianGraphNavigatorApp.swift in Sources */,
			);
			runOnlyForDeploymentPostprocessing = 0;
		};
		0632A5492B65975C0002EA17 /* Sources */ = {
			isa = PBXSourcesBuildPhase;
			buildActionMask = 2147483647;
			files = (
				0632A5522B65975C0002EA17 /* FractalianGraphNavigatorTests.swift in Sources */,
				0632A57B2B6672FE0002EA17 /* GraphFileReaderTests.swift in Sources */,
			);
			runOnlyForDeploymentPostprocessing = 0;
		};
/* End PBXSourcesBuildPhase section */

/* Begin PBXTargetDependency section */
		0632A54F2B65975C0002EA17 /* PBXTargetDependency */ = {
			isa = PBXTargetDependency;
			target = 0632A53C2B65975B0002EA17 /* FractalianGraphNavigator */;
			targetProxy = 0632A54E2B65975C0002EA17 /* PBXContainerItemProxy */;
		};
/* End PBXTargetDependency section */

/* Begin XCBuildConfiguration section */
		0632A55F2B65975C0002EA17 /* Debug */ = {
			isa = XCBuildConfiguration;
			buildSettings = {
				ALWAYS_SEARCH_USER_PATHS = NO;
				ASSETCATALOG_COMPILER_GENERATE_SWIFT_ASSET_SYMBOL_EXTENSIONS = YES;
				CLANG_ANALYZER_NONNULL = YES;
				CLANG_ANALYZER_NUMBER_OBJECT_CONVERSION = YES_AGGRESSIVE;
				CLANG_CXX_LANGUAGE_STANDARD = "gnu++20";
				CLANG_ENABLE_MODULES = YES;
				CLANG_ENABLE_OBJC_ARC = YES;
				CLANG_ENABLE_OBJC_WEAK = YES;
				CLANG_WARN_BLOCK_CAPTURE_AUTORELEASING = YES;
				CLANG_WARN_BOOL_CONVERSION = YES;
				CLANG_WARN_COMMA = YES;
				CLANG_WARN_CONSTANT_CONVERSION = YES;
				CLANG_WARN_DEPRECATED_OBJC_IMPLEMENTATIONS = YES;
				CLANG_WARN_DIRECT_OBJC_ISA_USAGE = YES_ERROR;
				CLANG_WARN_DOCUMENTATION_COMMENTS = YES;
				CLANG_WARN_EMPTY_BODY = YES;
				CLANG_WARN_ENUM_CONVERSION = YES;
				CLANG_WARN_INFINITE_RECURSION = YES;
				CLANG_WARN_INT_CONVERSION = YES;
				CLANG_WARN_NON_LITERAL_NULL_CONVERSION = YES;
				CLANG_WARN_OBJC_IMPLICIT_RETAIN_SELF = YES;
				CLANG_WARN_OBJC_LITERAL_CONVERSION = YES;
				CLANG_WARN_OBJC_ROOT_CLASS = YES_ERROR;
				CLANG_WARN_QUOTED_INCLUDE_IN_FRAMEWORK_HEADER = YES;
				CLANG_WARN_RANGE_LOOP_ANALYSIS = YES;
				CLANG_WARN_STRICT_PROTOTYPES = YES;
				CLANG_WARN_SUSPICIOUS_MOVE = YES;
				CLANG_WARN_UNGUARDED_AVAILABILITY = YES_AGGRESSIVE;
				CLANG_WARN_UNREACHABLE_CODE = YES;
				CLANG_WARN__DUPLICATE_METHOD_MATCH = YES;
				COPY_PHASE_STRIP = NO;
				DEBUG_INFORMATION_FORMAT = dwarf;
				ENABLE_STRICT_OBJC_MSGSEND = YES;
				ENABLE_TESTABILITY = YES;
				ENABLE_USER_SCRIPT_SANDBOXING = YES;
				GCC_C_LANGUAGE_STANDARD = gnu17;
				GCC_DYNAMIC_NO_PIC = NO;
				GCC_NO_COMMON_BLOCKS = YES;
				GCC_OPTIMIZATION_LEVEL = 0;
				GCC_PREPROCESSOR_DEFINITIONS = (
					"DEBUG=1",
					"$(inherited)",
				);
				GCC_WARN_64_TO_32_BIT_CONVERSION = YES;
				GCC_WARN_ABOUT_RETURN_TYPE = YES_ERROR;
				GCC_WARN_UNDECLARED_SELECTOR = YES;
				GCC_WARN_UNINITIALIZED_AUTOS = YES_AGGRESSIVE;
				GCC_WARN_UNUSED_FUNCTION = YES;
				GCC_WARN_UNUSED_VARIABLE = YES;
				IPHONEOS_DEPLOYMENT_TARGET = 17.0;
				LOCALIZATION_PREFERS_STRING_CATALOGS = YES;
				MTL_ENABLE_DEBUG_INFO = INCLUDE_SOURCE;
				MTL_FAST_MATH = YES;
				ONLY_ACTIVE_ARCH = YES;
				SDKROOT = iphoneos;
				SWIFT_ACTIVE_COMPILATION_CONDITIONS = "DEBUG $(inherited)";
				SWIFT_OPTIMIZATION_LEVEL = "-Onone";
			};
			name = Debug;
		};
		0632A5602B65975C0002EA17 /* Release */ = {
			isa = XCBuildConfiguration;
			buildSettings = {
				ALWAYS_SEARCH_USER_PATHS = NO;
				ASSETCATALOG_COMPILER_GENERATE_SWIFT_ASSET_SYMBOL_EXTENSIONS = YES;
				CLANG_ANALYZER_NONNULL = YES;
				CLANG_ANALYZER_NUMBER_OBJECT_CONVERSION = YES_AGGRESSIVE;
				CLANG_CXX_LANGUAGE_STANDARD = "gnu++20";
				CLANG_ENABLE_MODULES = YES;
				CLANG_ENABLE_OBJC_ARC = YES;
				CLANG_ENABLE_OBJC_WEAK = YES;
				CLANG_WARN_BLOCK_CAPTURE_AUTORELEASING = YES;
				CLANG_WARN_BOOL_CONVERSION = YES;
				CLANG_WARN_COMMA = YES;
				CLANG_WARN_CONSTANT_CONVERSION = YES;
				CLANG_WARN_DEPRECATED_OBJC_IMPLEMENTATIONS = YES;
				CLANG_WARN_DIRECT_OBJC_ISA_USAGE = YES_ERROR;
				CLANG_WARN_DOCUMENTATION_COMMENTS = YES;
				CLANG_WARN_EMPTY_BODY = YES;
				CLANG_WARN_ENUM_CONVERSION = YES;
				CLANG_WARN_INFINITE_RECURSION = YES;
				CLANG_WARN_INT_CONVERSION = YES;
				CLANG_WARN_NON_LITERAL_NULL_CONVERSION = YES;
				CLANG_WARN_OBJC_IMPLICIT_RETAIN_SELF = YES;
				CLANG_WARN_OBJC_LITERAL_CONVERSION = YES;
				CLANG_WARN_OBJC_ROOT_CLASS = YES_ERROR;
				CLANG_WARN_QUOTED_INCLUDE_IN_FRAMEWORK_HEADER = YES;
				CLANG_WARN_RANGE_LOOP_ANALYSIS = YES;
				CLANG_WARN_STRICT_PROTOTYPES = YES;
				CLANG_WARN_SUSPICIOUS_MOVE = YES;
				CLANG_WARN_UNGUARDED_AVAILABILITY = YES_AGGRESSIVE;
				CLANG_WARN_UNREACHABLE_CODE = YES;
				CLANG_WARN__DUPLICATE_METHOD_MATCH = YES;
				COPY_PHASE_STRIP = NO;
				DEBUG_INFORMATION_FORMAT = "dwarf-with-dsym";
				ENABLE_NS_ASSERTIONS = NO;
				ENABLE_STRICT_OBJC_MSGSEND = YES;
				ENABLE_USER_SCRIPT_SANDBOXING = YES;
				GCC_C_LANGUAGE_STANDARD = gnu17;
				GCC_NO_COMMON_BLOCKS = YES;
				GCC_WARN_64_TO_32_BIT_CONVERSION = YES;
				GCC_WARN_ABOUT_RETURN_TYPE = YES_ERROR;
				GCC_WARN_UNDECLARED_SELECTOR = YES;
				GCC_WARN_UNINITIALIZED_AUTOS = YES_AGGRESSIVE;
				GCC_WARN_UNUSED_FUNCTION = YES;
				GCC_WARN_UNUSED_VARIABLE = YES;
				IPHONEOS_DEPLOYMENT_TARGET = 17.0;
				LOCALIZATION_PREFERS_STRING_CATALOGS = YES;
				MTL_ENABLE_DEBUG_INFO = NO;
				MTL_FAST_MATH = YES;
				SDKROOT = iphoneos;
				SWIFT_COMPILATION_MODE = wholemodule;
				VALIDATE_PRODUCT = YES;
			};
			name = Release;
		};
		0632A5622B65975C0002EA17 /* Debug */ = {
			isa = XCBuildConfiguration;
			buildSettings = {
				ASSETCATALOG_COMPILER_APPICON_NAME = AppIcon;
				ASSETCATALOG_COMPILER_GLOBAL_ACCENT_COLOR_NAME = AccentColor;
				CODE_SIGN_STYLE = Automatic;
				CURRENT_PROJECT_VERSION = 1;
				DEVELOPMENT_ASSET_PATHS = "\"FractalianGraphNavigator/Resources/Preview Content\"";
				DEVELOPMENT_TEAM = ATFEU26LMZ;
				ENABLE_PREVIEWS = YES;
				GENERATE_INFOPLIST_FILE = YES;
				INFOPLIST_KEY_CFBundleDisplayName = "Fractalian Graph Navigator";
				INFOPLIST_KEY_UIApplicationSceneManifest_Generation = YES;
				INFOPLIST_KEY_UIApplicationSupportsIndirectInputEvents = YES;
				INFOPLIST_KEY_UILaunchScreen_Generation = YES;
				INFOPLIST_KEY_UISupportedInterfaceOrientations_iPad = "UIInterfaceOrientationPortrait UIInterfaceOrientationPortraitUpsideDown UIInterfaceOrientationLandscapeLeft UIInterfaceOrientationLandscapeRight";
				INFOPLIST_KEY_UISupportedInterfaceOrientations_iPhone = "UIInterfaceOrientationPortrait UIInterfaceOrientationLandscapeLeft UIInterfaceOrientationLandscapeRight";
				IPHONEOS_DEPLOYMENT_TARGET = 16.0;
				LD_RUNPATH_SEARCH_PATHS = (
					"$(inherited)",
					"@executable_path/Frameworks",
				);
				MACOSX_DEPLOYMENT_TARGET = 13.0;
				MARKETING_VERSION = 1.0;
				PRODUCT_BUNDLE_IDENTIFIER = przemyslaw.kuzia.FractalianGraphNavigator;
				PRODUCT_NAME = "$(TARGET_NAME)";
				SUPPORTED_PLATFORMS = "iphoneos iphonesimulator macosx";
				SUPPORTS_MACCATALYST = NO;
				SUPPORTS_MAC_DESIGNED_FOR_IPHONE_IPAD = NO;
				SWIFT_EMIT_LOC_STRINGS = YES;
				SWIFT_VERSION = 5.0;
				TARGETED_DEVICE_FAMILY = "1,2";
			};
			name = Debug;
		};
		0632A5632B65975C0002EA17 /* Release */ = {
			isa = XCBuildConfiguration;
			buildSettings = {
				ASSETCATALOG_COMPILER_APPICON_NAME = AppIcon;
				ASSETCATALOG_COMPILER_GLOBAL_ACCENT_COLOR_NAME = AccentColor;
				CODE_SIGN_STYLE = Automatic;
				CURRENT_PROJECT_VERSION = 1;
				DEVELOPMENT_ASSET_PATHS = "\"FractalianGraphNavigator/Resources/Preview Content\"";
				DEVELOPMENT_TEAM = ATFEU26LMZ;
				ENABLE_PREVIEWS = YES;
				GENERATE_INFOPLIST_FILE = YES;
				INFOPLIST_KEY_CFBundleDisplayName = "Fractalian Graph Navigator";
				INFOPLIST_KEY_UIApplicationSceneManifest_Generation = YES;
				INFOPLIST_KEY_UIApplicationSupportsIndirectInputEvents = YES;
				INFOPLIST_KEY_UILaunchScreen_Generation = YES;
				INFOPLIST_KEY_UISupportedInterfaceOrientations_iPad = "UIInterfaceOrientationPortrait UIInterfaceOrientationPortraitUpsideDown UIInterfaceOrientationLandscapeLeft UIInterfaceOrientationLandscapeRight";
				INFOPLIST_KEY_UISupportedInterfaceOrientations_iPhone = "UIInterfaceOrientationPortrait UIInterfaceOrientationLandscapeLeft UIInterfaceOrientationLandscapeRight";
				IPHONEOS_DEPLOYMENT_TARGET = 16.0;
				LD_RUNPATH_SEARCH_PATHS = (
					"$(inherited)",
					"@executable_path/Frameworks",
				);
				MACOSX_DEPLOYMENT_TARGET = 13.0;
				MARKETING_VERSION = 1.0;
				PRODUCT_BUNDLE_IDENTIFIER = przemyslaw.kuzia.FractalianGraphNavigator;
				PRODUCT_NAME = "$(TARGET_NAME)";
				SUPPORTED_PLATFORMS = "iphoneos iphonesimulator macosx";
				SUPPORTS_MACCATALYST = NO;
				SUPPORTS_MAC_DESIGNED_FOR_IPHONE_IPAD = NO;
				SWIFT_EMIT_LOC_STRINGS = YES;
				SWIFT_VERSION = 5.0;
				TARGETED_DEVICE_FAMILY = "1,2";
			};
			name = Release;
		};
		0632A5652B65975C0002EA17 /* Debug */ = {
			isa = XCBuildConfiguration;
			buildSettings = {
				ALWAYS_EMBED_SWIFT_STANDARD_LIBRARIES = YES;
				BUNDLE_LOADER = "$(TEST_HOST)";
				CODE_SIGN_STYLE = Automatic;
				CURRENT_PROJECT_VERSION = 1;
				DEVELOPMENT_TEAM = ATFEU26LMZ;
				GENERATE_INFOPLIST_FILE = YES;
				IPHONEOS_DEPLOYMENT_TARGET = 17.0;
				MARKETING_VERSION = 1.0;
				PRODUCT_BUNDLE_IDENTIFIER = przemyslaw.kuzia.FractalianGraphNavigatorTests;
				PRODUCT_NAME = "$(TARGET_NAME)";
				SWIFT_EMIT_LOC_STRINGS = NO;
				SWIFT_VERSION = 5.0;
				TARGETED_DEVICE_FAMILY = "1,2";
				TEST_HOST = "$(BUILT_PRODUCTS_DIR)/FractalianGraphNavigator.app/$(BUNDLE_EXECUTABLE_FOLDER_PATH)/FractalianGraphNavigator";
			};
			name = Debug;
		};
		0632A5662B65975C0002EA17 /* Release */ = {
			isa = XCBuildConfiguration;
			buildSettings = {
				ALWAYS_EMBED_SWIFT_STANDARD_LIBRARIES = YES;
				BUNDLE_LOADER = "$(TEST_HOST)";
				CODE_SIGN_STYLE = Automatic;
				CURRENT_PROJECT_VERSION = 1;
				DEVELOPMENT_TEAM = ATFEU26LMZ;
				GENERATE_INFOPLIST_FILE = YES;
				IPHONEOS_DEPLOYMENT_TARGET = 17.0;
				MARKETING_VERSION = 1.0;
				PRODUCT_BUNDLE_IDENTIFIER = przemyslaw.kuzia.FractalianGraphNavigatorTests;
				PRODUCT_NAME = "$(TARGET_NAME)";
				SWIFT_EMIT_LOC_STRINGS = NO;
				SWIFT_VERSION = 5.0;
				TARGETED_DEVICE_FAMILY = "1,2";
				TEST_HOST = "$(BUILT_PRODUCTS_DIR)/FractalianGraphNavigator.app/$(BUNDLE_EXECUTABLE_FOLDER_PATH)/FractalianGraphNavigator";
			};
			name = Release;
		};
/* End XCBuildConfiguration section */

/* Begin XCConfigurationList section */
		0632A5382B65975B0002EA17 /* Build configuration list for PBXProject "FractalianGraphNavigator" */ = {
			isa = XCConfigurationList;
			buildConfigurations = (
				0632A55F2B65975C0002EA17 /* Debug */,
				0632A5602B65975C0002EA17 /* Release */,
			);
			defaultConfigurationIsVisible = 0;
			defaultConfigurationName = Release;
		};
		0632A5612B65975C0002EA17 /* Build configuration list for PBXNativeTarget "FractalianGraphNavigator" */ = {
			isa = XCConfigurationList;
			buildConfigurations = (
				0632A5622B65975C0002EA17 /* Debug */,
				0632A5632B65975C0002EA17 /* Release */,
			);
			defaultConfigurationIsVisible = 0;
			defaultConfigurationName = Release;
		};
		0632A5642B65975C0002EA17 /* Build configuration list for PBXNativeTarget "FractalianGraphNavigatorTests" */ = {
			isa = XCConfigurationList;
			buildConfigurations = (
				0632A5652B65975C0002EA17 /* Debug */,
				0632A5662B65975C0002EA17 /* Release */,
			);
			defaultConfigurationIsVisible = 0;
			defaultConfigurationName = Release;
		};
/* End XCConfigurationList section */
	};
	rootObject = 0632A5352B65975B0002EA17 /* Project object */;
}
