// !$*UTF8*$!
{
	archiveVersion = 1;
	classes = {
	};
	objectVersion = 56;
	objects = {

/* Begin PBXBuildFile section */
		0632A5412B65975B0002EA17 /* FractalianGraphNavigatorApp.swift in Sources */ = {isa = PBXBuildFile; fileRef = 0632A5402B65975B0002EA17 /* FractalianGraphNavigatorApp.swift */; };
		0632A5432B65975B0002EA17 /* ContentView.swift in Sources */ = {isa = PBXBuildFile; fileRef = 0632A5422B65975B0002EA17 /* ContentView.swift */; };
		0632A5452B65975C0002EA17 /* Assets.xcassets in Resources */ = {isa = PBXBuildFile; fileRef = 0632A5442B65975C0002EA17 /* Assets.xcassets */; };
		0632A5482B65975C0002EA17 /* Preview Assets.xcassets in Resources */ = {isa = PBXBuildFile; fileRef = 0632A5472B65975C0002EA17 /* Preview Assets.xcassets */; };
		0632A5522B65975C0002EA17 /* FractalianGraphNavigatorTests.swift in Sources */ = {isa = PBXBuildFile; fileRef = 0632A5512B65975C0002EA17 /* FractalianGraphNavigatorTests.swift */; };
		0632A56F2B6598950002EA17 /* Graph.swift in Sources */ = {isa = PBXBuildFile; fileRef = 0632A56E2B6598950002EA17 /* Graph.swift */; };
		0632A5712B6598B10002EA17 /* GraphNode.swift in Sources */ = {isa = PBXBuildFile; fileRef = 0632A5702B6598B10002EA17 /* GraphNode.swift */; };
		0632A5752B659DDE0002EA17 /* GraphFileReader.swift in Sources */ = {isa = PBXBuildFile; fileRef = 0632A5742B659DDE0002EA17 /* GraphFileReader.swift */; };
		0632A57B2B6672FE0002EA17 /* GraphFileReaderTests.swift in Sources */ = {isa = PBXBuildFile; fileRef = 0632A57A2B6672FE0002EA17 /* GraphFileReaderTests.swift */; };
		0632A6E62B6676450002EA17 /* GraphWithCycles.xml in Resources */ = {isa = PBXBuildFile; fileRef = 0632A6E52B6676450002EA17 /* GraphWithCycles.xml */; };
		066CCCA92B6C0A0A00724E2C /* GraphManager .swift in Sources */ = {isa = PBXBuildFile; fileRef = 066CCCA82B6C0A0A00724E2C /* GraphManager .swift */; };
		066CCCAB2B6C124400724E2C /* LoadGraphDestinations.swift in Sources */ = {isa = PBXBuildFile; fileRef = 066CCCAA2B6C124400724E2C /* LoadGraphDestinations.swift */; };
		066CCCAD2B6C2F5700724E2C /* GraphNodeView.swift in Sources */ = {isa = PBXBuildFile; fileRef = 066CCCAC2B6C2F5700724E2C /* GraphNodeView.swift */; };
		066CCCAF2B6C310E00724E2C /* GraphNodeInnerView.swift in Sources */ = {isa = PBXBuildFile; fileRef = 066CCCAE2B6C310E00724E2C /* GraphNodeInnerView.swift */; };
		066CCCB12B6C362B00724E2C /* GraphInnerNodeViewData.swift in Sources */ = {isa = PBXBuildFile; fileRef = 066CCCB02B6C362B00724E2C /* GraphInnerNodeViewData.swift */; };
		066CCCB42B6C36DF00724E2C /* GraphNodeViewData.swift in Sources */ = {isa = PBXBuildFile; fileRef = 066CCCB32B6C36DF00724E2C /* GraphNodeViewData.swift */; };
		066CCCB62B6C3C6800724E2C /* GraphViewData.swift in Sources */ = {isa = PBXBuildFile; fileRef = 066CCCB52B6C3C6800724E2C /* GraphViewData.swift */; };
		066D07732B667C8A009E60C5 /* GraphWithoutCycles.xml in Resources */ = {isa = PBXBuildFile; fileRef = 066D07722B667C8A009E60C5 /* GraphWithoutCycles.xml */; };
		066D07762B667D6E009E60C5 /* GraphCorruptedXML.xml in Resources */ = {isa = PBXBuildFile; fileRef = 066D07742B667D6E009E60C5 /* GraphCorruptedXML.xml */; };
		066D07772B667D6E009E60C5 /* GraphCorruptedStructure.xml in Resources */ = {isa = PBXBuildFile; fileRef = 066D07752B667D6E009E60C5 /* GraphCorruptedStructure.xml */; };
		066D07792B66808A009E60C5 /* RandomGraphGenerator.swift in Sources */ = {isa = PBXBuildFile; fileRef = 066D07782B66808A009E60C5 /* RandomGraphGenerator.swift */; };
		066D077B2B6689FB009E60C5 /* RandomGraphGeneratorTests.swift in Sources */ = {isa = PBXBuildFile; fileRef = 066D077A2B6689FB009E60C5 /* RandomGraphGeneratorTests.swift */; };
		066D077E2B668CAB009E60C5 /* GraphTests.swift in Sources */ = {isa = PBXBuildFile; fileRef = 066D077D2B668CAB009E60C5 /* GraphTests.swift */; };
		066D078A2B69460C009E60C5 /* String+Extension.swift in Sources */ = {isa = PBXBuildFile; fileRef = 066D07882B69460C009E60C5 /* String+Extension.swift */; };
		066D078F2B694693009E60C5 /* Constants.swift in Sources */ = {isa = PBXBuildFile; fileRef = 066D078C2B694693009E60C5 /* Constants.swift */; };
		066D07902B694693009E60C5 /* Assets+Generated.swift in Sources */ = {isa = PBXBuildFile; fileRef = 066D078D2B694693009E60C5 /* Assets+Generated.swift */; };
		066D07932B6946F7009E60C5 /* String+LocalizedResources.swift in Sources */ = {isa = PBXBuildFile; fileRef = 066D07922B6946F7009E60C5 /* String+LocalizedResources.swift */; };
		066D07A42B694F3F009E60C5 /* Localizable.strings in Resources */ = {isa = PBXBuildFile; fileRef = 066D07A32B694F3F009E60C5 /* Localizable.strings */; };
		066D0A8A2B696100009E60C5 /* Rubik-Bold.ttf in Resources */ = {isa = PBXBuildFile; fileRef = 066D0A7C2B696100009E60C5 /* Rubik-Bold.ttf */; };
		066D0A8D2B696100009E60C5 /* Rubik-Medium.ttf in Resources */ = {isa = PBXBuildFile; fileRef = 066D0A7F2B696100009E60C5 /* Rubik-Medium.ttf */; };
		066D0A902B696100009E60C5 /* Rubik-SemiBold.ttf in Resources */ = {isa = PBXBuildFile; fileRef = 066D0A822B696100009E60C5 /* Rubik-SemiBold.ttf */; };
		066D0A912B696100009E60C5 /* Rubik-Light.ttf in Resources */ = {isa = PBXBuildFile; fileRef = 066D0A832B696100009E60C5 /* Rubik-Light.ttf */; };
		066D0A942B696100009E60C5 /* Rubik-Regular.ttf in Resources */ = {isa = PBXBuildFile; fileRef = 066D0A862B696100009E60C5 /* Rubik-Regular.ttf */; };
		066D0A962B6A64D6009E60C5 /* DirectedGraphGenerator.swift in Sources */ = {isa = PBXBuildFile; fileRef = 066D0A952B6A64D6009E60C5 /* DirectedGraphGenerator.swift */; };
		066D0C002B6AAAA7009E60C5 /* Fonts+Generated.swift in Sources */ = {isa = PBXBuildFile; fileRef = 066D0BFF2B6AAAA7009E60C5 /* Fonts+Generated.swift */; };
		066D0C052B6AACB2009E60C5 /* TextStyle.swift in Sources */ = {isa = PBXBuildFile; fileRef = 066D0C042B6AACB2009E60C5 /* TextStyle.swift */; };
		066D0C0A2B6AAF59009E60C5 /* StartView.swift in Sources */ = {isa = PBXBuildFile; fileRef = 066D0C092B6AAF59009E60C5 /* StartView.swift */; };
		066D0C0C2B6AAF8A009E60C5 /* View+Style.swift in Sources */ = {isa = PBXBuildFile; fileRef = 066D0C0B2B6AAF8A009E60C5 /* View+Style.swift */; };
		066D0C112B6AB06F009E60C5 /* PrimaryButton.swift in Sources */ = {isa = PBXBuildFile; fileRef = 066D0C102B6AB06F009E60C5 /* PrimaryButton.swift */; };
		066D0C132B6AB56D009E60C5 /* SecondaryButton.swift in Sources */ = {isa = PBXBuildFile; fileRef = 066D0C122B6AB56D009E60C5 /* SecondaryButton.swift */; };
		066D0C162B6ABFB1009E60C5 /* Background.swift in Sources */ = {isa = PBXBuildFile; fileRef = 066D0C152B6ABFB1009E60C5 /* Background.swift */; };
		066D0C182B6AD422009E60C5 /* BaseLabelsGroup.swift in Sources */ = {isa = PBXBuildFile; fileRef = 066D0C172B6AD422009E60C5 /* BaseLabelsGroup.swift */; };
		06E15C8D2B6AE451008D768F /* StartViewDestinations.swift in Sources */ = {isa = PBXBuildFile; fileRef = 06E15C8C2B6AE451008D768F /* StartViewDestinations.swift */; };
		06E15C912B6AE4B1008D768F /* GraphViewer.swift in Sources */ = {isa = PBXBuildFile; fileRef = 06E15C902B6AE4B1008D768F /* GraphViewer.swift */; };
		06E15C932B6AE82D008D768F /* LoadGraphView.swift in Sources */ = {isa = PBXBuildFile; fileRef = 06E15C922B6AE82D008D768F /* LoadGraphView.swift */; };
		06E15C952B6AEB2B008D768F /* BackButton.swift in Sources */ = {isa = PBXBuildFile; fileRef = 06E15C942B6AEB2B008D768F /* BackButton.swift */; };
		06E15C982B6AED81008D768F /* BackButtonModifier.swift in Sources */ = {isa = PBXBuildFile; fileRef = 06E15C972B6AED81008D768F /* BackButtonModifier.swift */; };
		06E15E022B6AEE20008D768F /* BaseView.swift in Sources */ = {isa = PBXBuildFile; fileRef = 06E15E012B6AEE20008D768F /* BaseView.swift */; };
		06E15E042B6AEE6B008D768F /* LoadingView.swift in Sources */ = {isa = PBXBuildFile; fileRef = 06E15E032B6AEE6B008D768F /* LoadingView.swift */; };
		3AB5855AF65FF5DD0E58B9D3 /* Pods_FractalianGraphNavigator.framework in Frameworks */ = {isa = PBXBuildFile; fileRef = 8A7F3DF1BB2EE6704B8FB0D4 /* Pods_FractalianGraphNavigator.framework */; };
		97E57CCC0F569AB27F13DC1C /* Pods_FractalianGraphNavigatorTests.framework in Frameworks */ = {isa = PBXBuildFile; fileRef = A56E794A60DB6C6F9E5C76F1 /* Pods_FractalianGraphNavigatorTests.framework */; };
/* End PBXBuildFile section */

/* Begin PBXContainerItemProxy section */
		0632A54E2B65975C0002EA17 /* PBXContainerItemProxy */ = {
			isa = PBXContainerItemProxy;
			containerPortal = 0632A5352B65975B0002EA17 /* Project object */;
			proxyType = 1;
			remoteGlobalIDString = 0632A53C2B65975B0002EA17;
			remoteInfo = FractalianGraphNavigator;
		};
/* End PBXContainerItemProxy section */

/* Begin PBXFileReference section */
		0632A53D2B65975B0002EA17 /* Fractalian Graph Navigator.app */ = {isa = PBXFileReference; explicitFileType = wrapper.application; includeInIndex = 0; path = "Fractalian Graph Navigator.app"; sourceTree = BUILT_PRODUCTS_DIR; };
		0632A5402B65975B0002EA17 /* FractalianGraphNavigatorApp.swift */ = {isa = PBXFileReference; lastKnownFileType = sourcecode.swift; path = FractalianGraphNavigatorApp.swift; sourceTree = "<group>"; };
		0632A5422B65975B0002EA17 /* ContentView.swift */ = {isa = PBXFileReference; lastKnownFileType = sourcecode.swift; path = ContentView.swift; sourceTree = "<group>"; };
		0632A5442B65975C0002EA17 /* Assets.xcassets */ = {isa = PBXFileReference; lastKnownFileType = folder.assetcatalog; path = Assets.xcassets; sourceTree = "<group>"; };
		0632A5472B65975C0002EA17 /* Preview Assets.xcassets */ = {isa = PBXFileReference; lastKnownFileType = folder.assetcatalog; path = "Preview Assets.xcassets"; sourceTree = "<group>"; };
		0632A54D2B65975C0002EA17 /* FractalianGraphNavigatorTests.xctest */ = {isa = PBXFileReference; explicitFileType = wrapper.cfbundle; includeInIndex = 0; path = FractalianGraphNavigatorTests.xctest; sourceTree = BUILT_PRODUCTS_DIR; };
		0632A5512B65975C0002EA17 /* FractalianGraphNavigatorTests.swift */ = {isa = PBXFileReference; lastKnownFileType = sourcecode.swift; path = FractalianGraphNavigatorTests.swift; sourceTree = "<group>"; };
		0632A56E2B6598950002EA17 /* Graph.swift */ = {isa = PBXFileReference; lastKnownFileType = sourcecode.swift; path = Graph.swift; sourceTree = "<group>"; };
		0632A5702B6598B10002EA17 /* GraphNode.swift */ = {isa = PBXFileReference; lastKnownFileType = sourcecode.swift; path = GraphNode.swift; sourceTree = "<group>"; };
		0632A5742B659DDE0002EA17 /* GraphFileReader.swift */ = {isa = PBXFileReference; lastKnownFileType = sourcecode.swift; path = GraphFileReader.swift; sourceTree = "<group>"; };
		0632A57A2B6672FE0002EA17 /* GraphFileReaderTests.swift */ = {isa = PBXFileReference; lastKnownFileType = sourcecode.swift; path = GraphFileReaderTests.swift; sourceTree = SOURCE_ROOT; };
		0632A6E52B6676450002EA17 /* GraphWithCycles.xml */ = {isa = PBXFileReference; lastKnownFileType = text.xml; path = GraphWithCycles.xml; sourceTree = "<group>"; };
		066CCCA82B6C0A0A00724E2C /* GraphManager .swift */ = {isa = PBXFileReference; lastKnownFileType = sourcecode.swift; path = "GraphManager .swift"; sourceTree = "<group>"; };
		066CCCAA2B6C124400724E2C /* LoadGraphDestinations.swift */ = {isa = PBXFileReference; lastKnownFileType = sourcecode.swift; path = LoadGraphDestinations.swift; sourceTree = "<group>"; };
		066CCCAC2B6C2F5700724E2C /* GraphNodeView.swift */ = {isa = PBXFileReference; lastKnownFileType = sourcecode.swift; path = GraphNodeView.swift; sourceTree = "<group>"; };
		066CCCAE2B6C310E00724E2C /* GraphNodeInnerView.swift */ = {isa = PBXFileReference; lastKnownFileType = sourcecode.swift; path = GraphNodeInnerView.swift; sourceTree = "<group>"; };
		066CCCB02B6C362B00724E2C /* GraphInnerNodeViewData.swift */ = {isa = PBXFileReference; lastKnownFileType = sourcecode.swift; path = GraphInnerNodeViewData.swift; sourceTree = "<group>"; };
		066CCCB32B6C36DF00724E2C /* GraphNodeViewData.swift */ = {isa = PBXFileReference; lastKnownFileType = sourcecode.swift; path = GraphNodeViewData.swift; sourceTree = "<group>"; };
		066CCCB52B6C3C6800724E2C /* GraphViewData.swift */ = {isa = PBXFileReference; lastKnownFileType = sourcecode.swift; path = GraphViewData.swift; sourceTree = "<group>"; };
		066D07722B667C8A009E60C5 /* GraphWithoutCycles.xml */ = {isa = PBXFileReference; fileEncoding = 4; lastKnownFileType = text.xml; path = GraphWithoutCycles.xml; sourceTree = "<group>"; };
		066D07742B667D6E009E60C5 /* GraphCorruptedXML.xml */ = {isa = PBXFileReference; fileEncoding = 4; lastKnownFileType = text.xml; path = GraphCorruptedXML.xml; sourceTree = "<group>"; };
		066D07752B667D6E009E60C5 /* GraphCorruptedStructure.xml */ = {isa = PBXFileReference; fileEncoding = 4; lastKnownFileType = text.xml; path = GraphCorruptedStructure.xml; sourceTree = "<group>"; };
		066D07782B66808A009E60C5 /* RandomGraphGenerator.swift */ = {isa = PBXFileReference; lastKnownFileType = sourcecode.swift; path = RandomGraphGenerator.swift; sourceTree = "<group>"; };
		066D077A2B6689FB009E60C5 /* RandomGraphGeneratorTests.swift */ = {isa = PBXFileReference; lastKnownFileType = sourcecode.swift; path = RandomGraphGeneratorTests.swift; sourceTree = "<group>"; };
		066D077D2B668CAB009E60C5 /* GraphTests.swift */ = {isa = PBXFileReference; lastKnownFileType = sourcecode.swift; path = GraphTests.swift; sourceTree = "<group>"; };
		066D07882B69460C009E60C5 /* String+Extension.swift */ = {isa = PBXFileReference; fileEncoding = 4; lastKnownFileType = sourcecode.swift; path = "String+Extension.swift"; sourceTree = "<group>"; };
		066D078C2B694693009E60C5 /* Constants.swift */ = {isa = PBXFileReference; fileEncoding = 4; lastKnownFileType = sourcecode.swift; path = Constants.swift; sourceTree = "<group>"; };
		066D078D2B694693009E60C5 /* Assets+Generated.swift */ = {isa = PBXFileReference; fileEncoding = 4; lastKnownFileType = sourcecode.swift; path = "Assets+Generated.swift"; sourceTree = "<group>"; };
		066D07922B6946F7009E60C5 /* String+LocalizedResources.swift */ = {isa = PBXFileReference; fileEncoding = 4; lastKnownFileType = sourcecode.swift; path = "String+LocalizedResources.swift"; sourceTree = "<group>"; };
		066D07A32B694F3F009E60C5 /* Localizable.strings */ = {isa = PBXFileReference; lastKnownFileType = text.plist.strings; path = Localizable.strings; sourceTree = "<group>"; };
		066D0A7C2B696100009E60C5 /* Rubik-Bold.ttf */ = {isa = PBXFileReference; lastKnownFileType = file; path = "Rubik-Bold.ttf"; sourceTree = "<group>"; };
		066D0A7F2B696100009E60C5 /* Rubik-Medium.ttf */ = {isa = PBXFileReference; lastKnownFileType = file; path = "Rubik-Medium.ttf"; sourceTree = "<group>"; };
		066D0A822B696100009E60C5 /* Rubik-SemiBold.ttf */ = {isa = PBXFileReference; lastKnownFileType = file; path = "Rubik-SemiBold.ttf"; sourceTree = "<group>"; };
		066D0A832B696100009E60C5 /* Rubik-Light.ttf */ = {isa = PBXFileReference; lastKnownFileType = file; path = "Rubik-Light.ttf"; sourceTree = "<group>"; };
		066D0A862B696100009E60C5 /* Rubik-Regular.ttf */ = {isa = PBXFileReference; lastKnownFileType = file; path = "Rubik-Regular.ttf"; sourceTree = "<group>"; };
		066D0A952B6A64D6009E60C5 /* DirectedGraphGenerator.swift */ = {isa = PBXFileReference; lastKnownFileType = sourcecode.swift; path = DirectedGraphGenerator.swift; sourceTree = "<group>"; };
		066D0BFF2B6AAAA7009E60C5 /* Fonts+Generated.swift */ = {isa = PBXFileReference; fileEncoding = 4; lastKnownFileType = sourcecode.swift; path = "Fonts+Generated.swift"; sourceTree = "<group>"; };
		066D0C012B6AAB5F009E60C5 /* Info.plist */ = {isa = PBXFileReference; lastKnownFileType = text.plist.xml; path = Info.plist; sourceTree = "<group>"; };
		066D0C042B6AACB2009E60C5 /* TextStyle.swift */ = {isa = PBXFileReference; lastKnownFileType = sourcecode.swift; path = TextStyle.swift; sourceTree = "<group>"; };
		066D0C092B6AAF59009E60C5 /* StartView.swift */ = {isa = PBXFileReference; lastKnownFileType = sourcecode.swift; path = StartView.swift; sourceTree = "<group>"; };
		066D0C0B2B6AAF8A009E60C5 /* View+Style.swift */ = {isa = PBXFileReference; lastKnownFileType = sourcecode.swift; path = "View+Style.swift"; sourceTree = "<group>"; };
		066D0C102B6AB06F009E60C5 /* PrimaryButton.swift */ = {isa = PBXFileReference; lastKnownFileType = sourcecode.swift; path = PrimaryButton.swift; sourceTree = "<group>"; };
		066D0C122B6AB56D009E60C5 /* SecondaryButton.swift */ = {isa = PBXFileReference; fileEncoding = 4; lastKnownFileType = sourcecode.swift; path = SecondaryButton.swift; sourceTree = "<group>"; };
		066D0C152B6ABFB1009E60C5 /* Background.swift */ = {isa = PBXFileReference; lastKnownFileType = sourcecode.swift; path = Background.swift; sourceTree = "<group>"; };
		066D0C172B6AD422009E60C5 /* BaseLabelsGroup.swift */ = {isa = PBXFileReference; lastKnownFileType = sourcecode.swift; path = BaseLabelsGroup.swift; sourceTree = "<group>"; };
		06E15C8C2B6AE451008D768F /* StartViewDestinations.swift */ = {isa = PBXFileReference; lastKnownFileType = sourcecode.swift; path = StartViewDestinations.swift; sourceTree = "<group>"; };
		06E15C902B6AE4B1008D768F /* GraphViewer.swift */ = {isa = PBXFileReference; lastKnownFileType = sourcecode.swift; path = GraphViewer.swift; sourceTree = "<group>"; };
		06E15C922B6AE82D008D768F /* LoadGraphView.swift */ = {isa = PBXFileReference; lastKnownFileType = sourcecode.swift; path = LoadGraphView.swift; sourceTree = "<group>"; };
		06E15C942B6AEB2B008D768F /* BackButton.swift */ = {isa = PBXFileReference; lastKnownFileType = sourcecode.swift; path = BackButton.swift; sourceTree = "<group>"; };
		06E15C972B6AED81008D768F /* BackButtonModifier.swift */ = {isa = PBXFileReference; lastKnownFileType = sourcecode.swift; path = BackButtonModifier.swift; sourceTree = "<group>"; };
		06E15E012B6AEE20008D768F /* BaseView.swift */ = {isa = PBXFileReference; lastKnownFileType = sourcecode.swift; path = BaseView.swift; sourceTree = "<group>"; };
		06E15E032B6AEE6B008D768F /* LoadingView.swift */ = {isa = PBXFileReference; lastKnownFileType = sourcecode.swift; path = LoadingView.swift; sourceTree = "<group>"; };
		135AF333E2E61D5D82447E8C /* Pods-FractalianGraphNavigatorTests.debug.xcconfig */ = {isa = PBXFileReference; includeInIndex = 1; lastKnownFileType = text.xcconfig; name = "Pods-FractalianGraphNavigatorTests.debug.xcconfig"; path = "Target Support Files/Pods-FractalianGraphNavigatorTests/Pods-FractalianGraphNavigatorTests.debug.xcconfig"; sourceTree = "<group>"; };
		1D3496C7DE39CABD82BBCCD6 /* Pods-FractalianGraphNavigator.debug.xcconfig */ = {isa = PBXFileReference; includeInIndex = 1; lastKnownFileType = text.xcconfig; name = "Pods-FractalianGraphNavigator.debug.xcconfig"; path = "Target Support Files/Pods-FractalianGraphNavigator/Pods-FractalianGraphNavigator.debug.xcconfig"; sourceTree = "<group>"; };
		61D44552C6CCFDEB13EAF64D /* Pods-FractalianGraphNavigatorTests.release.xcconfig */ = {isa = PBXFileReference; includeInIndex = 1; lastKnownFileType = text.xcconfig; name = "Pods-FractalianGraphNavigatorTests.release.xcconfig"; path = "Target Support Files/Pods-FractalianGraphNavigatorTests/Pods-FractalianGraphNavigatorTests.release.xcconfig"; sourceTree = "<group>"; };
		8A7F3DF1BB2EE6704B8FB0D4 /* Pods_FractalianGraphNavigator.framework */ = {isa = PBXFileReference; explicitFileType = wrapper.framework; includeInIndex = 0; path = Pods_FractalianGraphNavigator.framework; sourceTree = BUILT_PRODUCTS_DIR; };
		A56E794A60DB6C6F9E5C76F1 /* Pods_FractalianGraphNavigatorTests.framework */ = {isa = PBXFileReference; explicitFileType = wrapper.framework; includeInIndex = 0; path = Pods_FractalianGraphNavigatorTests.framework; sourceTree = BUILT_PRODUCTS_DIR; };
		BC31E66A40CD037740F8BB1B /* Pods-FractalianGraphNavigator.release.xcconfig */ = {isa = PBXFileReference; includeInIndex = 1; lastKnownFileType = text.xcconfig; name = "Pods-FractalianGraphNavigator.release.xcconfig"; path = "Target Support Files/Pods-FractalianGraphNavigator/Pods-FractalianGraphNavigator.release.xcconfig"; sourceTree = "<group>"; };
/* End PBXFileReference section */

/* Begin PBXFrameworksBuildPhase section */
		0632A53A2B65975B0002EA17 /* Frameworks */ = {
			isa = PBXFrameworksBuildPhase;
			buildActionMask = 2147483647;
			files = (
				3AB5855AF65FF5DD0E58B9D3 /* Pods_FractalianGraphNavigator.framework in Frameworks */,
			);
			runOnlyForDeploymentPostprocessing = 0;
		};
		0632A54A2B65975C0002EA17 /* Frameworks */ = {
			isa = PBXFrameworksBuildPhase;
			buildActionMask = 2147483647;
			files = (
				97E57CCC0F569AB27F13DC1C /* Pods_FractalianGraphNavigatorTests.framework in Frameworks */,
			);
			runOnlyForDeploymentPostprocessing = 0;
		};
/* End PBXFrameworksBuildPhase section */

/* Begin PBXGroup section */
		0632A5342B65975B0002EA17 = {
			isa = PBXGroup;
			children = (
				0632A53F2B65975B0002EA17 /* FractalianGraphNavigator */,
				0632A5502B65975C0002EA17 /* FractalianGraphNavigatorTests */,
				0632A53E2B65975B0002EA17 /* Products */,
				0E9BE76F742496328160F397 /* Pods */,
				96EF217BF56263BB2BC5DA12 /* Frameworks */,
			);
			sourceTree = "<group>";
		};
		0632A53E2B65975B0002EA17 /* Products */ = {
			isa = PBXGroup;
			children = (
				0632A53D2B65975B0002EA17 /* Fractalian Graph Navigator.app */,
				0632A54D2B65975C0002EA17 /* FractalianGraphNavigatorTests.xctest */,
			);
			name = Products;
			sourceTree = "<group>";
		};
		0632A53F2B65975B0002EA17 /* FractalianGraphNavigator */ = {
			isa = PBXGroup;
			children = (
				0632A5732B659D180002EA17 /* App */,
				0632A56D2B6597CE0002EA17 /* Extensions */,
				0632A56A2B6597B60002EA17 /* Services */,
				0632A56C2B6597C70002EA17 /* Model */,
				0632A56B2B6597BC0002EA17 /* Features */,
				066D077F2B694220009E60C5 /* Components */,
				0632A5722B659CDC0002EA17 /* Resources */,
				0632A5422B65975B0002EA17 /* ContentView.swift */,
			);
			path = FractalianGraphNavigator;
			sourceTree = "<group>";
		};
		0632A5502B65975C0002EA17 /* FractalianGraphNavigatorTests */ = {
			isa = PBXGroup;
			children = (
				066D077C2B668CA0009E60C5 /* Model */,
				0632A6E42B6673C60002EA17 /* Resources */,
				0632A5792B6672620002EA17 /* Services */,
				0632A5512B65975C0002EA17 /* FractalianGraphNavigatorTests.swift */,
			);
			path = FractalianGraphNavigatorTests;
			sourceTree = "<group>";
		};
		0632A56A2B6597B60002EA17 /* Services */ = {
			isa = PBXGroup;
			children = (
				066CCCA82B6C0A0A00724E2C /* GraphManager .swift */,
				0632A5742B659DDE0002EA17 /* GraphFileReader.swift */,
				066D07782B66808A009E60C5 /* RandomGraphGenerator.swift */,
				066D0A952B6A64D6009E60C5 /* DirectedGraphGenerator.swift */,
			);
			path = Services;
			sourceTree = "<group>";
		};
		0632A56B2B6597BC0002EA17 /* Features */ = {
			isa = PBXGroup;
			children = (
				06E15C8F2B6AE4A1008D768F /* GraphViewer */,
				06E15C8E2B6AE498008D768F /* LoadGraph */,
				066D0C062B6AAF24009E60C5 /* Start */,
			);
			path = Features;
			sourceTree = "<group>";
		};
		0632A56C2B6597C70002EA17 /* Model */ = {
			isa = PBXGroup;
			children = (
				0632A56E2B6598950002EA17 /* Graph.swift */,
				0632A5702B6598B10002EA17 /* GraphNode.swift */,
			);
			path = Model;
			sourceTree = "<group>";
		};
		0632A56D2B6597CE0002EA17 /* Extensions */ = {
			isa = PBXGroup;
			children = (
				06E15C962B6AED68008D768F /* ViewModifiers */,
				066D07922B6946F7009E60C5 /* String+LocalizedResources.swift */,
				066D07882B69460C009E60C5 /* String+Extension.swift */,
			);
			path = Extensions;
			sourceTree = "<group>";
		};
		0632A5722B659CDC0002EA17 /* Resources */ = {
			isa = PBXGroup;
			children = (
				066D0A782B6960ED009E60C5 /* Fonts */,
				0632A5472B65975C0002EA17 /* Preview Assets.xcassets */,
				0632A5442B65975C0002EA17 /* Assets.xcassets */,
				066D07A32B694F3F009E60C5 /* Localizable.strings */,
				066D0C012B6AAB5F009E60C5 /* Info.plist */,
			);
			path = Resources;
			sourceTree = "<group>";
		};
		0632A5732B659D180002EA17 /* App */ = {
			isa = PBXGroup;
			children = (
				0632A5402B65975B0002EA17 /* FractalianGraphNavigatorApp.swift */,
			);
			name = App;
			sourceTree = "<group>";
		};
		0632A5792B6672620002EA17 /* Services */ = {
			isa = PBXGroup;
			children = (
				0632A57A2B6672FE0002EA17 /* GraphFileReaderTests.swift */,
				066D077A2B6689FB009E60C5 /* RandomGraphGeneratorTests.swift */,
			);
			path = Services;
			sourceTree = "<group>";
		};
		0632A6E42B6673C60002EA17 /* Resources */ = {
			isa = PBXGroup;
			children = (
				066D07742B667D6E009E60C5 /* GraphCorruptedXML.xml */,
				066D07752B667D6E009E60C5 /* GraphCorruptedStructure.xml */,
				066D07722B667C8A009E60C5 /* GraphWithoutCycles.xml */,
				0632A6E52B6676450002EA17 /* GraphWithCycles.xml */,
			);
			path = Resources;
			sourceTree = "<group>";
		};
		066CCCB22B6C36AC00724E2C /* Model */ = {
			isa = PBXGroup;
			children = (
				066CCCB02B6C362B00724E2C /* GraphInnerNodeViewData.swift */,
				066CCCB32B6C36DF00724E2C /* GraphNodeViewData.swift */,
				066CCCB52B6C3C6800724E2C /* GraphViewData.swift */,
			);
			path = Model;
			sourceTree = "<group>";
		};
		066D077C2B668CA0009E60C5 /* Model */ = {
			isa = PBXGroup;
			children = (
				066D077D2B668CAB009E60C5 /* GraphTests.swift */,
			);
			path = Model;
			sourceTree = "<group>";
		};
		066D077F2B694220009E60C5 /* Components */ = {
			isa = PBXGroup;
			children = (
				066D0C142B6ABFA8009E60C5 /* Views */,
				066D0C0D2B6AB033009E60C5 /* Buttons */,
				066D07802B69422B009E60C5 /* Styles */,
			);
			path = Components;
			sourceTree = "<group>";
		};
		066D07802B69422B009E60C5 /* Styles */ = {
			isa = PBXGroup;
			children = (
				066D078C2B694693009E60C5 /* Constants.swift */,
				066D0BFF2B6AAAA7009E60C5 /* Fonts+Generated.swift */,
				066D078D2B694693009E60C5 /* Assets+Generated.swift */,
				066D0C042B6AACB2009E60C5 /* TextStyle.swift */,
				066D0C0B2B6AAF8A009E60C5 /* View+Style.swift */,
			);
			path = Styles;
			sourceTree = "<group>";
		};
		066D0A782B6960ED009E60C5 /* Fonts */ = {
			isa = PBXGroup;
			children = (
				066D0A7C2B696100009E60C5 /* Rubik-Bold.ttf */,
				066D0A832B696100009E60C5 /* Rubik-Light.ttf */,
				066D0A7F2B696100009E60C5 /* Rubik-Medium.ttf */,
				066D0A862B696100009E60C5 /* Rubik-Regular.ttf */,
				066D0A822B696100009E60C5 /* Rubik-SemiBold.ttf */,
			);
			path = Fonts;
			sourceTree = "<group>";
		};
		066D0C062B6AAF24009E60C5 /* Start */ = {
			isa = PBXGroup;
			children = (
				066D0C092B6AAF59009E60C5 /* StartView.swift */,
				06E15C8C2B6AE451008D768F /* StartViewDestinations.swift */,
			);
			path = Start;
			sourceTree = "<group>";
		};
		066D0C0D2B6AB033009E60C5 /* Buttons */ = {
			isa = PBXGroup;
			children = (
				066D0C102B6AB06F009E60C5 /* PrimaryButton.swift */,
				066D0C122B6AB56D009E60C5 /* SecondaryButton.swift */,
				06E15C942B6AEB2B008D768F /* BackButton.swift */,
			);
			path = Buttons;
			sourceTree = "<group>";
		};
		066D0C142B6ABFA8009E60C5 /* Views */ = {
			isa = PBXGroup;
			children = (
				066D0C152B6ABFB1009E60C5 /* Background.swift */,
				066D0C172B6AD422009E60C5 /* BaseLabelsGroup.swift */,
				06E15E012B6AEE20008D768F /* BaseView.swift */,
				06E15E032B6AEE6B008D768F /* LoadingView.swift */,
			);
			path = Views;
			sourceTree = "<group>";
		};
		06E15C8E2B6AE498008D768F /* LoadGraph */ = {
			isa = PBXGroup;
			children = (
				06E15C922B6AE82D008D768F /* LoadGraphView.swift */,
				066CCCAA2B6C124400724E2C /* LoadGraphDestinations.swift */,
			);
			path = LoadGraph;
			sourceTree = "<group>";
		};
		06E15C8F2B6AE4A1008D768F /* GraphViewer */ = {
			isa = PBXGroup;
			children = (
				066CCCB22B6C36AC00724E2C /* Model */,
				06E15C902B6AE4B1008D768F /* GraphViewer.swift */,
				066CCCAC2B6C2F5700724E2C /* GraphNodeView.swift */,
				066CCCAE2B6C310E00724E2C /* GraphNodeInnerView.swift */,
			);
			path = GraphViewer;
			sourceTree = "<group>";
		};
		06E15C962B6AED68008D768F /* ViewModifiers */ = {
			isa = PBXGroup;
			children = (
				06E15C972B6AED81008D768F /* BackButtonModifier.swift */,
			);
			path = ViewModifiers;
			sourceTree = "<group>";
		};
		0E9BE76F742496328160F397 /* Pods */ = {
			isa = PBXGroup;
			children = (
				1D3496C7DE39CABD82BBCCD6 /* Pods-FractalianGraphNavigator.debug.xcconfig */,
				BC31E66A40CD037740F8BB1B /* Pods-FractalianGraphNavigator.release.xcconfig */,
				135AF333E2E61D5D82447E8C /* Pods-FractalianGraphNavigatorTests.debug.xcconfig */,
				61D44552C6CCFDEB13EAF64D /* Pods-FractalianGraphNavigatorTests.release.xcconfig */,
			);
			path = Pods;
			sourceTree = "<group>";
		};
		96EF217BF56263BB2BC5DA12 /* Frameworks */ = {
			isa = PBXGroup;
			children = (
				8A7F3DF1BB2EE6704B8FB0D4 /* Pods_FractalianGraphNavigator.framework */,
				A56E794A60DB6C6F9E5C76F1 /* Pods_FractalianGraphNavigatorTests.framework */,
			);
			name = Frameworks;
			sourceTree = "<group>";
		};
/* End PBXGroup section */

/* Begin PBXNativeTarget section */
		0632A53C2B65975B0002EA17 /* FractalianGraphNavigator */ = {
			isa = PBXNativeTarget;
			buildConfigurationList = 0632A5612B65975C0002EA17 /* Build configuration list for PBXNativeTarget "FractalianGraphNavigator" */;
			buildPhases = (
				14CF27E85FA6BA7ED18C4516 /* [CP] Check Pods Manifest.lock */,
				066D07A52B695029009E60C5 /* ShellScript */,
				0632A5392B65975B0002EA17 /* Sources */,
				0632A53A2B65975B0002EA17 /* Frameworks */,
				0632A53B2B65975B0002EA17 /* Resources */,
				8984866376C85168EBAAA48A /* [CP] Embed Pods Frameworks */,
				066D07A72B69503C009E60C5 /* ShellScript */,
			);
			buildRules = (
			);
			dependencies = (
			);
			name = FractalianGraphNavigator;
			productName = FractalianGraphNavigator;
			productReference = 0632A53D2B65975B0002EA17 /* Fractalian Graph Navigator.app */;
			productType = "com.apple.product-type.application";
		};
		0632A54C2B65975C0002EA17 /* FractalianGraphNavigatorTests */ = {
			isa = PBXNativeTarget;
			buildConfigurationList = 0632A5642B65975C0002EA17 /* Build configuration list for PBXNativeTarget "FractalianGraphNavigatorTests" */;
			buildPhases = (
				9B81EFCA95D5B6114D734244 /* [CP] Check Pods Manifest.lock */,
				0632A5492B65975C0002EA17 /* Sources */,
				0632A54A2B65975C0002EA17 /* Frameworks */,
				0632A54B2B65975C0002EA17 /* Resources */,
				DB0A01491481650E4E6F659B /* [CP] Embed Pods Frameworks */,
			);
			buildRules = (
			);
			dependencies = (
				0632A54F2B65975C0002EA17 /* PBXTargetDependency */,
			);
			name = FractalianGraphNavigatorTests;
			productName = FractalianGraphNavigatorTests;
			productReference = 0632A54D2B65975C0002EA17 /* FractalianGraphNavigatorTests.xctest */;
			productType = "com.apple.product-type.bundle.unit-test";
		};
/* End PBXNativeTarget section */

/* Begin PBXProject section */
		0632A5352B65975B0002EA17 /* Project object */ = {
			isa = PBXProject;
			attributes = {
				BuildIndependentTargetsInParallel = 1;
				LastSwiftUpdateCheck = 1500;
				LastUpgradeCheck = 1500;
				TargetAttributes = {
					0632A53C2B65975B0002EA17 = {
						CreatedOnToolsVersion = 15.0.1;
					};
					0632A54C2B65975C0002EA17 = {
						CreatedOnToolsVersion = 15.0.1;
						TestTargetID = 0632A53C2B65975B0002EA17;
					};
				};
			};
			buildConfigurationList = 0632A5382B65975B0002EA17 /* Build configuration list for PBXProject "FractalianGraphNavigator" */;
			compatibilityVersion = "Xcode 14.0";
			developmentRegion = en;
			hasScannedForEncodings = 0;
			knownRegions = (
				en,
				Base,
			);
			mainGroup = 0632A5342B65975B0002EA17;
			productRefGroup = 0632A53E2B65975B0002EA17 /* Products */;
			projectDirPath = "";
			projectRoot = "";
			targets = (
				0632A53C2B65975B0002EA17 /* FractalianGraphNavigator */,
				0632A54C2B65975C0002EA17 /* FractalianGraphNavigatorTests */,
			);
		};
/* End PBXProject section */

/* Begin PBXResourcesBuildPhase section */
		0632A53B2B65975B0002EA17 /* Resources */ = {
			isa = PBXResourcesBuildPhase;
			buildActionMask = 2147483647;
			files = (
				066D0A902B696100009E60C5 /* Rubik-SemiBold.ttf in Resources */,
				066D07A42B694F3F009E60C5 /* Localizable.strings in Resources */,
				066D0A912B696100009E60C5 /* Rubik-Light.ttf in Resources */,
				0632A5482B65975C0002EA17 /* Preview Assets.xcassets in Resources */,
				066D0A8A2B696100009E60C5 /* Rubik-Bold.ttf in Resources */,
				0632A5452B65975C0002EA17 /* Assets.xcassets in Resources */,
				066D0A942B696100009E60C5 /* Rubik-Regular.ttf in Resources */,
				066D0A8D2B696100009E60C5 /* Rubik-Medium.ttf in Resources */,
			);
			runOnlyForDeploymentPostprocessing = 0;
		};
		0632A54B2B65975C0002EA17 /* Resources */ = {
			isa = PBXResourcesBuildPhase;
			buildActionMask = 2147483647;
			files = (
				066D07762B667D6E009E60C5 /* GraphCorruptedXML.xml in Resources */,
				066D07772B667D6E009E60C5 /* GraphCorruptedStructure.xml in Resources */,
				0632A6E62B6676450002EA17 /* GraphWithCycles.xml in Resources */,
				066D07732B667C8A009E60C5 /* GraphWithoutCycles.xml in Resources */,
			);
			runOnlyForDeploymentPostprocessing = 0;
		};
/* End PBXResourcesBuildPhase section */

/* Begin PBXShellScriptBuildPhase section */
		066D07A52B695029009E60C5 /* ShellScript */ = {
			isa = PBXShellScriptBuildPhase;
			buildActionMask = 2147483647;
			files = (
			);
			inputFileListPaths = (
			);
			inputPaths = (
			);
			outputFileListPaths = (
			);
			outputPaths = (
			);
			runOnlyForDeploymentPostprocessing = 0;
			shellPath = /bin/sh;
			shellScript = "\"${PODS_ROOT}/SwiftGen/bin/swiftgen\"\n";
		};
		066D07A72B69503C009E60C5 /* ShellScript */ = {
			isa = PBXShellScriptBuildPhase;
			buildActionMask = 2147483647;
			files = (
			);
			inputFileListPaths = (
			);
			inputPaths = (
			);
			outputFileListPaths = (
			);
			outputPaths = (
			);
			runOnlyForDeploymentPostprocessing = 0;
			shellPath = /bin/sh;
			shellScript = "\"${PODS_ROOT}/SwiftLint/swiftlint\"\n";
		};
		14CF27E85FA6BA7ED18C4516 /* [CP] Check Pods Manifest.lock */ = {
			isa = PBXShellScriptBuildPhase;
			buildActionMask = 2147483647;
			files = (
			);
			inputFileListPaths = (
			);
			inputPaths = (
				"${PODS_PODFILE_DIR_PATH}/Podfile.lock",
				"${PODS_ROOT}/Manifest.lock",
			);
			name = "[CP] Check Pods Manifest.lock";
			outputFileListPaths = (
			);
			outputPaths = (
				"$(DERIVED_FILE_DIR)/Pods-FractalianGraphNavigator-checkManifestLockResult.txt",
			);
			runOnlyForDeploymentPostprocessing = 0;
			shellPath = /bin/sh;
			shellScript = "diff \"${PODS_PODFILE_DIR_PATH}/Podfile.lock\" \"${PODS_ROOT}/Manifest.lock\" > /dev/null\nif [ $? != 0 ] ; then\n    # print error to STDERR\n    echo \"error: The sandbox is not in sync with the Podfile.lock. Run 'pod install' or update your CocoaPods installation.\" >&2\n    exit 1\nfi\n# This output is used by Xcode 'outputs' to avoid re-running this script phase.\necho \"SUCCESS\" > \"${SCRIPT_OUTPUT_FILE_0}\"\n";
			showEnvVarsInLog = 0;
		};
		8984866376C85168EBAAA48A /* [CP] Embed Pods Frameworks */ = {
			isa = PBXShellScriptBuildPhase;
			buildActionMask = 2147483647;
			files = (
			);
			inputFileListPaths = (
				"${PODS_ROOT}/Target Support Files/Pods-FractalianGraphNavigator/Pods-FractalianGraphNavigator-frameworks-${CONFIGURATION}-input-files.xcfilelist",
			);
			name = "[CP] Embed Pods Frameworks";
			outputFileListPaths = (
				"${PODS_ROOT}/Target Support Files/Pods-FractalianGraphNavigator/Pods-FractalianGraphNavigator-frameworks-${CONFIGURATION}-output-files.xcfilelist",
			);
			runOnlyForDeploymentPostprocessing = 0;
			shellPath = /bin/sh;
			shellScript = "\"${PODS_ROOT}/Target Support Files/Pods-FractalianGraphNavigator/Pods-FractalianGraphNavigator-frameworks.sh\"\n";
			showEnvVarsInLog = 0;
		};
		9B81EFCA95D5B6114D734244 /* [CP] Check Pods Manifest.lock */ = {
			isa = PBXShellScriptBuildPhase;
			buildActionMask = 2147483647;
			files = (
			);
			inputFileListPaths = (
			);
			inputPaths = (
				"${PODS_PODFILE_DIR_PATH}/Podfile.lock",
				"${PODS_ROOT}/Manifest.lock",
			);
			name = "[CP] Check Pods Manifest.lock";
			outputFileListPaths = (
			);
			outputPaths = (
				"$(DERIVED_FILE_DIR)/Pods-FractalianGraphNavigatorTests-checkManifestLockResult.txt",
			);
			runOnlyForDeploymentPostprocessing = 0;
			shellPath = /bin/sh;
			shellScript = "diff \"${PODS_PODFILE_DIR_PATH}/Podfile.lock\" \"${PODS_ROOT}/Manifest.lock\" > /dev/null\nif [ $? != 0 ] ; then\n    # print error to STDERR\n    echo \"error: The sandbox is not in sync with the Podfile.lock. Run 'pod install' or update your CocoaPods installation.\" >&2\n    exit 1\nfi\n# This output is used by Xcode 'outputs' to avoid re-running this script phase.\necho \"SUCCESS\" > \"${SCRIPT_OUTPUT_FILE_0}\"\n";
			showEnvVarsInLog = 0;
		};
		DB0A01491481650E4E6F659B /* [CP] Embed Pods Frameworks */ = {
			isa = PBXShellScriptBuildPhase;
			buildActionMask = 2147483647;
			files = (
			);
			inputFileListPaths = (
				"${PODS_ROOT}/Target Support Files/Pods-FractalianGraphNavigatorTests/Pods-FractalianGraphNavigatorTests-frameworks-${CONFIGURATION}-input-files.xcfilelist",
			);
			name = "[CP] Embed Pods Frameworks";
			outputFileListPaths = (
				"${PODS_ROOT}/Target Support Files/Pods-FractalianGraphNavigatorTests/Pods-FractalianGraphNavigatorTests-frameworks-${CONFIGURATION}-output-files.xcfilelist",
			);
			runOnlyForDeploymentPostprocessing = 0;
			shellPath = /bin/sh;
			shellScript = "\"${PODS_ROOT}/Target Support Files/Pods-FractalianGraphNavigatorTests/Pods-FractalianGraphNavigatorTests-frameworks.sh\"\n";
			showEnvVarsInLog = 0;
		};
/* End PBXShellScriptBuildPhase section */

/* Begin PBXSourcesBuildPhase section */
		0632A5392B65975B0002EA17 /* Sources */ = {
			isa = PBXSourcesBuildPhase;
			buildActionMask = 2147483647;
			files = (
				066CCCAF2B6C310E00724E2C /* GraphNodeInnerView.swift in Sources */,
				066D0C002B6AAAA7009E60C5 /* Fonts+Generated.swift in Sources */,
				0632A5752B659DDE0002EA17 /* GraphFileReader.swift in Sources */,
				066CCCB12B6C362B00724E2C /* GraphInnerNodeViewData.swift in Sources */,
				066D0C0C2B6AAF8A009E60C5 /* View+Style.swift in Sources */,
				066D0C132B6AB56D009E60C5 /* SecondaryButton.swift in Sources */,
				06E15C8D2B6AE451008D768F /* StartViewDestinations.swift in Sources */,
				066CCCAB2B6C124400724E2C /* LoadGraphDestinations.swift in Sources */,
				066D078A2B69460C009E60C5 /* String+Extension.swift in Sources */,
				06E15C932B6AE82D008D768F /* LoadGraphView.swift in Sources */,
				06E15C982B6AED81008D768F /* BackButtonModifier.swift in Sources */,
				066D0C162B6ABFB1009E60C5 /* Background.swift in Sources */,
				066D0C182B6AD422009E60C5 /* BaseLabelsGroup.swift in Sources */,
				066D07792B66808A009E60C5 /* RandomGraphGenerator.swift in Sources */,
				06E15E042B6AEE6B008D768F /* LoadingView.swift in Sources */,
				0632A56F2B6598950002EA17 /* Graph.swift in Sources */,
				06E15E022B6AEE20008D768F /* BaseView.swift in Sources */,
				066D0C052B6AACB2009E60C5 /* TextStyle.swift in Sources */,
				066D0A962B6A64D6009E60C5 /* DirectedGraphGenerator.swift in Sources */,
				0632A5432B65975B0002EA17 /* ContentView.swift in Sources */,
				0632A5712B6598B10002EA17 /* GraphNode.swift in Sources */,
				066CCCA92B6C0A0A00724E2C /* GraphManager .swift in Sources */,
				066D07902B694693009E60C5 /* Assets+Generated.swift in Sources */,
				066CCCB62B6C3C6800724E2C /* GraphViewData.swift in Sources */,
				066D07932B6946F7009E60C5 /* String+LocalizedResources.swift in Sources */,
				0632A5412B65975B0002EA17 /* FractalianGraphNavigatorApp.swift in Sources */,
				06E15C952B6AEB2B008D768F /* BackButton.swift in Sources */,
				06E15C912B6AE4B1008D768F /* GraphViewer.swift in Sources */,
				066D078F2B694693009E60C5 /* Constants.swift in Sources */,
				066D0C112B6AB06F009E60C5 /* PrimaryButton.swift in Sources */,
				066D0C0A2B6AAF59009E60C5 /* StartView.swift in Sources */,
				066CCCAD2B6C2F5700724E2C /* GraphNodeView.swift in Sources */,
				066CCCB42B6C36DF00724E2C /* GraphNodeViewData.swift in Sources */,
			);
			runOnlyForDeploymentPostprocessing = 0;
		};
		0632A5492B65975C0002EA17 /* Sources */ = {
			isa = PBXSourcesBuildPhase;
			buildActionMask = 2147483647;
			files = (
				066D077E2B668CAB009E60C5 /* GraphTests.swift in Sources */,
				0632A5522B65975C0002EA17 /* FractalianGraphNavigatorTests.swift in Sources */,
				066D077B2B6689FB009E60C5 /* RandomGraphGeneratorTests.swift in Sources */,
				0632A57B2B6672FE0002EA17 /* GraphFileReaderTests.swift in Sources */,
			);
			runOnlyForDeploymentPostprocessing = 0;
		};
/* End PBXSourcesBuildPhase section */

/* Begin PBXTargetDependency section */
		0632A54F2B65975C0002EA17 /* PBXTargetDependency */ = {
			isa = PBXTargetDependency;
			target = 0632A53C2B65975B0002EA17 /* FractalianGraphNavigator */;
			targetProxy = 0632A54E2B65975C0002EA17 /* PBXContainerItemProxy */;
		};
/* End PBXTargetDependency section */

/* Begin XCBuildConfiguration section */
		0632A55F2B65975C0002EA17 /* Debug */ = {
			isa = XCBuildConfiguration;
			buildSettings = {
				ALWAYS_SEARCH_USER_PATHS = NO;
				ASSETCATALOG_COMPILER_GENERATE_SWIFT_ASSET_SYMBOL_EXTENSIONS = YES;
				CLANG_ANALYZER_NONNULL = YES;
				CLANG_ANALYZER_NUMBER_OBJECT_CONVERSION = YES_AGGRESSIVE;
				CLANG_CXX_LANGUAGE_STANDARD = "gnu++20";
				CLANG_ENABLE_MODULES = YES;
				CLANG_ENABLE_OBJC_ARC = YES;
				CLANG_ENABLE_OBJC_WEAK = YES;
				CLANG_WARN_BLOCK_CAPTURE_AUTORELEASING = YES;
				CLANG_WARN_BOOL_CONVERSION = YES;
				CLANG_WARN_COMMA = YES;
				CLANG_WARN_CONSTANT_CONVERSION = YES;
				CLANG_WARN_DEPRECATED_OBJC_IMPLEMENTATIONS = YES;
				CLANG_WARN_DIRECT_OBJC_ISA_USAGE = YES_ERROR;
				CLANG_WARN_DOCUMENTATION_COMMENTS = YES;
				CLANG_WARN_EMPTY_BODY = YES;
				CLANG_WARN_ENUM_CONVERSION = YES;
				CLANG_WARN_INFINITE_RECURSION = YES;
				CLANG_WARN_INT_CONVERSION = YES;
				CLANG_WARN_NON_LITERAL_NULL_CONVERSION = YES;
				CLANG_WARN_OBJC_IMPLICIT_RETAIN_SELF = YES;
				CLANG_WARN_OBJC_LITERAL_CONVERSION = YES;
				CLANG_WARN_OBJC_ROOT_CLASS = YES_ERROR;
				CLANG_WARN_QUOTED_INCLUDE_IN_FRAMEWORK_HEADER = YES;
				CLANG_WARN_RANGE_LOOP_ANALYSIS = YES;
				CLANG_WARN_STRICT_PROTOTYPES = YES;
				CLANG_WARN_SUSPICIOUS_MOVE = YES;
				CLANG_WARN_UNGUARDED_AVAILABILITY = YES_AGGRESSIVE;
				CLANG_WARN_UNREACHABLE_CODE = YES;
				CLANG_WARN__DUPLICATE_METHOD_MATCH = YES;
				COPY_PHASE_STRIP = NO;
				DEBUG_INFORMATION_FORMAT = dwarf;
				ENABLE_STRICT_OBJC_MSGSEND = YES;
				ENABLE_TESTABILITY = YES;
				ENABLE_USER_SCRIPT_SANDBOXING = YES;
				GCC_C_LANGUAGE_STANDARD = gnu17;
				GCC_DYNAMIC_NO_PIC = NO;
				GCC_NO_COMMON_BLOCKS = YES;
				GCC_OPTIMIZATION_LEVEL = 0;
				GCC_PREPROCESSOR_DEFINITIONS = (
					"DEBUG=1",
					"$(inherited)",
				);
				GCC_WARN_64_TO_32_BIT_CONVERSION = YES;
				GCC_WARN_ABOUT_RETURN_TYPE = YES_ERROR;
				GCC_WARN_UNDECLARED_SELECTOR = YES;
				GCC_WARN_UNINITIALIZED_AUTOS = YES_AGGRESSIVE;
				GCC_WARN_UNUSED_FUNCTION = YES;
				GCC_WARN_UNUSED_VARIABLE = YES;
				IPHONEOS_DEPLOYMENT_TARGET = 17.0;
				LOCALIZATION_PREFERS_STRING_CATALOGS = YES;
				MTL_ENABLE_DEBUG_INFO = INCLUDE_SOURCE;
				MTL_FAST_MATH = YES;
				ONLY_ACTIVE_ARCH = YES;
				SDKROOT = iphoneos;
				SWIFT_ACTIVE_COMPILATION_CONDITIONS = "DEBUG $(inherited)";
				SWIFT_OPTIMIZATION_LEVEL = "-Onone";
			};
			name = Debug;
		};
		0632A5602B65975C0002EA17 /* Release */ = {
			isa = XCBuildConfiguration;
			buildSettings = {
				ALWAYS_SEARCH_USER_PATHS = NO;
				ASSETCATALOG_COMPILER_GENERATE_SWIFT_ASSET_SYMBOL_EXTENSIONS = YES;
				CLANG_ANALYZER_NONNULL = YES;
				CLANG_ANALYZER_NUMBER_OBJECT_CONVERSION = YES_AGGRESSIVE;
				CLANG_CXX_LANGUAGE_STANDARD = "gnu++20";
				CLANG_ENABLE_MODULES = YES;
				CLANG_ENABLE_OBJC_ARC = YES;
				CLANG_ENABLE_OBJC_WEAK = YES;
				CLANG_WARN_BLOCK_CAPTURE_AUTORELEASING = YES;
				CLANG_WARN_BOOL_CONVERSION = YES;
				CLANG_WARN_COMMA = YES;
				CLANG_WARN_CONSTANT_CONVERSION = YES;
				CLANG_WARN_DEPRECATED_OBJC_IMPLEMENTATIONS = YES;
				CLANG_WARN_DIRECT_OBJC_ISA_USAGE = YES_ERROR;
				CLANG_WARN_DOCUMENTATION_COMMENTS = YES;
				CLANG_WARN_EMPTY_BODY = YES;
				CLANG_WARN_ENUM_CONVERSION = YES;
				CLANG_WARN_INFINITE_RECURSION = YES;
				CLANG_WARN_INT_CONVERSION = YES;
				CLANG_WARN_NON_LITERAL_NULL_CONVERSION = YES;
				CLANG_WARN_OBJC_IMPLICIT_RETAIN_SELF = YES;
				CLANG_WARN_OBJC_LITERAL_CONVERSION = YES;
				CLANG_WARN_OBJC_ROOT_CLASS = YES_ERROR;
				CLANG_WARN_QUOTED_INCLUDE_IN_FRAMEWORK_HEADER = YES;
				CLANG_WARN_RANGE_LOOP_ANALYSIS = YES;
				CLANG_WARN_STRICT_PROTOTYPES = YES;
				CLANG_WARN_SUSPICIOUS_MOVE = YES;
				CLANG_WARN_UNGUARDED_AVAILABILITY = YES_AGGRESSIVE;
				CLANG_WARN_UNREACHABLE_CODE = YES;
				CLANG_WARN__DUPLICATE_METHOD_MATCH = YES;
				COPY_PHASE_STRIP = NO;
				DEBUG_INFORMATION_FORMAT = "dwarf-with-dsym";
				ENABLE_NS_ASSERTIONS = NO;
				ENABLE_STRICT_OBJC_MSGSEND = YES;
				ENABLE_USER_SCRIPT_SANDBOXING = YES;
				GCC_C_LANGUAGE_STANDARD = gnu17;
				GCC_NO_COMMON_BLOCKS = YES;
				GCC_WARN_64_TO_32_BIT_CONVERSION = YES;
				GCC_WARN_ABOUT_RETURN_TYPE = YES_ERROR;
				GCC_WARN_UNDECLARED_SELECTOR = YES;
				GCC_WARN_UNINITIALIZED_AUTOS = YES_AGGRESSIVE;
				GCC_WARN_UNUSED_FUNCTION = YES;
				GCC_WARN_UNUSED_VARIABLE = YES;
				IPHONEOS_DEPLOYMENT_TARGET = 17.0;
				LOCALIZATION_PREFERS_STRING_CATALOGS = YES;
				MTL_ENABLE_DEBUG_INFO = NO;
				MTL_FAST_MATH = YES;
				SDKROOT = iphoneos;
				SWIFT_COMPILATION_MODE = wholemodule;
				SWIFT_OPTIMIZATION_LEVEL = "-Onone";
				VALIDATE_PRODUCT = YES;
			};
			name = Release;
		};
		0632A5622B65975C0002EA17 /* Debug */ = {
			isa = XCBuildConfiguration;
			baseConfigurationReference = 1D3496C7DE39CABD82BBCCD6 /* Pods-FractalianGraphNavigator.debug.xcconfig */;
			buildSettings = {
				ASSETCATALOG_COMPILER_APPICON_NAME = AppIcon;
				ASSETCATALOG_COMPILER_GLOBAL_ACCENT_COLOR_NAME = AccentColor;
				CODE_SIGN_STYLE = Automatic;
				CURRENT_PROJECT_VERSION = 1;
				DEVELOPMENT_ASSET_PATHS = "\"FractalianGraphNavigator/Resources\"";
				DEVELOPMENT_TEAM = ATFEU26LMZ;
				ENABLE_PREVIEWS = YES;
				ENABLE_USER_SCRIPT_SANDBOXING = NO;
				GCC_OPTIMIZATION_LEVEL = 0;
				GENERATE_INFOPLIST_FILE = YES;
				INFOPLIST_FILE = FractalianGraphNavigator/Resources/Info.plist;
				INFOPLIST_KEY_CFBundleDisplayName = "Fractalian Graph Navigator";
				INFOPLIST_KEY_UIApplicationSceneManifest_Generation = YES;
				INFOPLIST_KEY_UIApplicationSupportsIndirectInputEvents = YES;
				INFOPLIST_KEY_UISupportedInterfaceOrientations_iPad = "UIInterfaceOrientationPortrait UIInterfaceOrientationPortraitUpsideDown UIInterfaceOrientationLandscapeLeft UIInterfaceOrientationLandscapeRight";
				INFOPLIST_KEY_UISupportedInterfaceOrientations_iPhone = "UIInterfaceOrientationPortrait UIInterfaceOrientationLandscapeLeft UIInterfaceOrientationLandscapeRight";
				IPHONEOS_DEPLOYMENT_TARGET = 16.0;
				LD_RUNPATH_SEARCH_PATHS = (
					"$(inherited)",
					"@executable_path/Frameworks",
				);
				MACOSX_DEPLOYMENT_TARGET = 13.0;
				MARKETING_VERSION = 1.0;
				PRODUCT_BUNDLE_IDENTIFIER = przemyslaw.kuzia.FractalianGraphNavigator;
				PRODUCT_MODULE_NAME = FractalianGraphNavigator;
				PRODUCT_NAME = "Fractalian Graph Navigator";
				SUPPORTED_PLATFORMS = "iphoneos iphonesimulator";
				SUPPORTS_MACCATALYST = NO;
				SUPPORTS_MAC_DESIGNED_FOR_IPHONE_IPAD = YES;
				SWIFT_EMIT_LOC_STRINGS = YES;
				SWIFT_OPTIMIZATION_LEVEL = "-Onone";
				SWIFT_VERSION = 5.0;
				TARGETED_DEVICE_FAMILY = "1,2";
			};
			name = Debug;
		};
		0632A5632B65975C0002EA17 /* Release */ = {
			isa = XCBuildConfiguration;
			baseConfigurationReference = BC31E66A40CD037740F8BB1B /* Pods-FractalianGraphNavigator.release.xcconfig */;
			buildSettings = {
				ASSETCATALOG_COMPILER_APPICON_NAME = AppIcon;
				ASSETCATALOG_COMPILER_GLOBAL_ACCENT_COLOR_NAME = AccentColor;
				CODE_SIGN_STYLE = Automatic;
				CURRENT_PROJECT_VERSION = 1;
				DEVELOPMENT_ASSET_PATHS = "\"FractalianGraphNavigator/Resources\"";
				DEVELOPMENT_TEAM = ATFEU26LMZ;
				ENABLE_PREVIEWS = YES;
				ENABLE_USER_SCRIPT_SANDBOXING = NO;
				GCC_OPTIMIZATION_LEVEL = 0;
				GENERATE_INFOPLIST_FILE = YES;
				INFOPLIST_FILE = FractalianGraphNavigator/Resources/Info.plist;
				INFOPLIST_KEY_CFBundleDisplayName = "Fractalian Graph Navigator";
				INFOPLIST_KEY_UIApplicationSceneManifest_Generation = YES;
				INFOPLIST_KEY_UIApplicationSupportsIndirectInputEvents = YES;
				INFOPLIST_KEY_UISupportedInterfaceOrientations_iPad = "UIInterfaceOrientationPortrait UIInterfaceOrientationPortraitUpsideDown UIInterfaceOrientationLandscapeLeft UIInterfaceOrientationLandscapeRight";
				INFOPLIST_KEY_UISupportedInterfaceOrientations_iPhone = "UIInterfaceOrientationPortrait UIInterfaceOrientationLandscapeLeft UIInterfaceOrientationLandscapeRight";
				IPHONEOS_DEPLOYMENT_TARGET = 16.0;
				LD_RUNPATH_SEARCH_PATHS = (
					"$(inherited)",
					"@executable_path/Frameworks",
				);
				MACOSX_DEPLOYMENT_TARGET = 13.0;
				MARKETING_VERSION = 1.0;
				PRODUCT_BUNDLE_IDENTIFIER = przemyslaw.kuzia.FractalianGraphNavigator;
				PRODUCT_MODULE_NAME = FractalianGraphNavigator;
				PRODUCT_NAME = "Fractalian Graph Navigator";
				SUPPORTED_PLATFORMS = "iphoneos iphonesimulator";
				SUPPORTS_MACCATALYST = NO;
				SUPPORTS_MAC_DESIGNED_FOR_IPHONE_IPAD = YES;
				SWIFT_EMIT_LOC_STRINGS = YES;
				SWIFT_OPTIMIZATION_LEVEL = "-Onone";
				SWIFT_VERSION = 5.0;
				TARGETED_DEVICE_FAMILY = "1,2";
			};
			name = Release;
		};
		0632A5652B65975C0002EA17 /* Debug */ = {
			isa = XCBuildConfiguration;
			baseConfigurationReference = 135AF333E2E61D5D82447E8C /* Pods-FractalianGraphNavigatorTests.debug.xcconfig */;
			buildSettings = {
				BUNDLE_LOADER = "$(TEST_HOST)";
				CODE_SIGN_STYLE = Automatic;
				CURRENT_PROJECT_VERSION = 1;
				DEVELOPMENT_TEAM = ATFEU26LMZ;
				GCC_OPTIMIZATION_LEVEL = 0;
				GENERATE_INFOPLIST_FILE = YES;
				IPHONEOS_DEPLOYMENT_TARGET = 17.0;
				MARKETING_VERSION = 1.0;
				PRODUCT_BUNDLE_IDENTIFIER = przemyslaw.kuzia.FractalianGraphNavigatorTests;
				PRODUCT_NAME = "$(TARGET_NAME)";
				SWIFT_EMIT_LOC_STRINGS = NO;
				SWIFT_OPTIMIZATION_LEVEL = "-Onone";
				SWIFT_VERSION = 5.0;
				TARGETED_DEVICE_FAMILY = "1,2";
				TEST_HOST = "$(BUILT_PRODUCTS_DIR)/FractalianGraphNavigator.app/$(BUNDLE_EXECUTABLE_FOLDER_PATH)/FractalianGraphNavigator";
			};
			name = Debug;
		};
		0632A5662B65975C0002EA17 /* Release */ = {
			isa = XCBuildConfiguration;
			baseConfigurationReference = 61D44552C6CCFDEB13EAF64D /* Pods-FractalianGraphNavigatorTests.release.xcconfig */;
			buildSettings = {
				BUNDLE_LOADER = "$(TEST_HOST)";
				CODE_SIGN_STYLE = Automatic;
				CURRENT_PROJECT_VERSION = 1;
				DEVELOPMENT_TEAM = ATFEU26LMZ;
				GCC_OPTIMIZATION_LEVEL = 0;
				GENERATE_INFOPLIST_FILE = YES;
				IPHONEOS_DEPLOYMENT_TARGET = 17.0;
				MARKETING_VERSION = 1.0;
				PRODUCT_BUNDLE_IDENTIFIER = przemyslaw.kuzia.FractalianGraphNavigatorTests;
				PRODUCT_NAME = "$(TARGET_NAME)";
				SWIFT_EMIT_LOC_STRINGS = NO;
				SWIFT_OPTIMIZATION_LEVEL = "-O";
				SWIFT_VERSION = 5.0;
				TARGETED_DEVICE_FAMILY = "1,2";
				TEST_HOST = "$(BUILT_PRODUCTS_DIR)/FractalianGraphNavigator.app/$(BUNDLE_EXECUTABLE_FOLDER_PATH)/FractalianGraphNavigator";
			};
			name = Release;
		};
/* End XCBuildConfiguration section */

/* Begin XCConfigurationList section */
		0632A5382B65975B0002EA17 /* Build configuration list for PBXProject "FractalianGraphNavigator" */ = {
			isa = XCConfigurationList;
			buildConfigurations = (
				0632A55F2B65975C0002EA17 /* Debug */,
				0632A5602B65975C0002EA17 /* Release */,
			);
			defaultConfigurationIsVisible = 0;
			defaultConfigurationName = Release;
		};
		0632A5612B65975C0002EA17 /* Build configuration list for PBXNativeTarget "FractalianGraphNavigator" */ = {
			isa = XCConfigurationList;
			buildConfigurations = (
				0632A5622B65975C0002EA17 /* Debug */,
				0632A5632B65975C0002EA17 /* Release */,
			);
			defaultConfigurationIsVisible = 0;
			defaultConfigurationName = Release;
		};
		0632A5642B65975C0002EA17 /* Build configuration list for PBXNativeTarget "FractalianGraphNavigatorTests" */ = {
			isa = XCConfigurationList;
			buildConfigurations = (
				0632A5652B65975C0002EA17 /* Debug */,
				0632A5662B65975C0002EA17 /* Release */,
			);
			defaultConfigurationIsVisible = 0;
			defaultConfigurationName = Release;
		};
/* End XCConfigurationList section */
	};
	rootObject = 0632A5352B65975B0002EA17 /* Project object */;
}
